// !$*UTF8*$!
{
	archiveVersion = 1;
	classes = {
	};
	objectVersion = 42;
	objects = {

/* Begin PBXAggregateTarget section */
		F4476C1A093DDA87008998C4 /* all */ = {
			isa = PBXAggregateTarget;
			buildConfigurationList = F4476C2A093DDACE008998C4 /* Build configuration list for PBXAggregateTarget "all" */;
			buildPhases = (
			);
			dependencies = (
				F4476C1C093DDA8D008998C4 /* PBXTargetDependency */,
			);
			name = all;
			productName = all;
		};
/* End PBXAggregateTarget section */

/* Begin PBXBuildFile section */
		EAF0AA2E12ABF501002BD731 /* audioeffect.cpp in Sources */ = {isa = PBXBuildFile; fileRef = EAF0AA2912ABF501002BD731 /* audioeffect.cpp */; };
		EAF0AA2F12ABF501002BD731 /* audioeffectx.cpp in Sources */ = {isa = PBXBuildFile; fileRef = EAF0AA2B12ABF501002BD731 /* audioeffectx.cpp */; };
		EAF0AA3012ABF501002BD731 /* vstplugmain.cpp in Sources */ = {isa = PBXBuildFile; fileRef = EAF0AA2D12ABF501002BD731 /* vstplugmain.cpp */; };
		EAF0AA5212ABF619002BD731 /* ofxAudioPluginWrapper.cpp in Sources */ = {isa = PBXBuildFile; fileRef = EAF0AA4812ABF619002BD731 /* ofxAudioPluginWrapper.cpp */; };
		EAF0AA5312ABF619002BD731 /* readme.txt in Resources */ = {isa = PBXBuildFile; fileRef = EAF0AA4A12ABF619002BD731 /* readme.txt */; };
		EAF0AA5612ABF619002BD731 /* ofxVST.cpp in Sources */ = {isa = PBXBuildFile; fileRef = EAF0AA5112ABF619002BD731 /* ofxVST.cpp */; };
/* End PBXBuildFile section */

/* Begin PBXContainerItemProxy section */
		F4476C1B093DDA8D008998C4 /* PBXContainerItemProxy */ = {
			isa = PBXContainerItemProxy;
			containerPortal = 089C1669FE841209C02AAC07 /* Project object */;
			proxyType = 1;
			remoteGlobalIDString = 8D01CCC60486CAD60068D4B7;
			remoteInfo = again;
		};
/* End PBXContainerItemProxy section */

/* Begin PBXFileReference section */
		08EA7FFBFE8413EDC02AAC07 /* Carbon.framework */ = {isa = PBXFileReference; lastKnownFileType = wrapper.framework; name = Carbon.framework; path = /System/Library/Frameworks/Carbon.framework; sourceTree = "<absolute>"; };
		8D01CCD20486CAD60068D4B7 /* Pandemonium.vst */ = {isa = PBXFileReference; explicitFileType = wrapper.cfbundle; includeInIndex = 0; path = Pandemonium.vst; sourceTree = BUILT_PRODUCTS_DIR; };
		EAF0AA2512ABF4ED002BD731 /* aeffect.h */ = {isa = PBXFileReference; fileEncoding = 4; lastKnownFileType = sourcecode.c.h; name = aeffect.h; path = ../../../lib/vstsdk2.4/pluginterfaces/vst2.x/aeffect.h; sourceTree = SOURCE_ROOT; };
		EAF0AA2612ABF4ED002BD731 /* aeffectx.h */ = {isa = PBXFileReference; fileEncoding = 4; lastKnownFileType = sourcecode.c.h; name = aeffectx.h; path = ../../../lib/vstsdk2.4/pluginterfaces/vst2.x/aeffectx.h; sourceTree = SOURCE_ROOT; };
		EAF0AA2712ABF4ED002BD731 /* vstfxstore.h */ = {isa = PBXFileReference; fileEncoding = 4; lastKnownFileType = sourcecode.c.h; name = vstfxstore.h; path = ../../../lib/vstsdk2.4/pluginterfaces/vst2.x/vstfxstore.h; sourceTree = SOURCE_ROOT; };
		EAF0AA2812ABF501002BD731 /* aeffeditor.h */ = {isa = PBXFileReference; fileEncoding = 4; lastKnownFileType = sourcecode.c.h; name = aeffeditor.h; path = ../../../lib/vstsdk2.4/public.sdk/source/vst2.x/aeffeditor.h; sourceTree = SOURCE_ROOT; };
		EAF0AA2912ABF501002BD731 /* audioeffect.cpp */ = {isa = PBXFileReference; fileEncoding = 4; lastKnownFileType = sourcecode.cpp.cpp; name = audioeffect.cpp; path = ../../../lib/vstsdk2.4/public.sdk/source/vst2.x/audioeffect.cpp; sourceTree = SOURCE_ROOT; };
		EAF0AA2A12ABF501002BD731 /* audioeffect.h */ = {isa = PBXFileReference; fileEncoding = 4; lastKnownFileType = sourcecode.c.h; name = audioeffect.h; path = ../../../lib/vstsdk2.4/public.sdk/source/vst2.x/audioeffect.h; sourceTree = SOURCE_ROOT; };
		EAF0AA2B12ABF501002BD731 /* audioeffectx.cpp */ = {isa = PBXFileReference; fileEncoding = 4; lastKnownFileType = sourcecode.cpp.cpp; name = audioeffectx.cpp; path = ../../../lib/vstsdk2.4/public.sdk/source/vst2.x/audioeffectx.cpp; sourceTree = SOURCE_ROOT; };
		EAF0AA2C12ABF501002BD731 /* audioeffectx.h */ = {isa = PBXFileReference; fileEncoding = 4; lastKnownFileType = sourcecode.c.h; name = audioeffectx.h; path = ../../../lib/vstsdk2.4/public.sdk/source/vst2.x/audioeffectx.h; sourceTree = SOURCE_ROOT; };
		EAF0AA2D12ABF501002BD731 /* vstplugmain.cpp */ = {isa = PBXFileReference; fileEncoding = 4; lastKnownFileType = sourcecode.cpp.cpp; name = vstplugmain.cpp; path = ../../../lib/vstsdk2.4/public.sdk/source/vst2.x/vstplugmain.cpp; sourceTree = SOURCE_ROOT; };
		EAF0AA4612ABF619002BD731 /* ofxAudioPlugin.h */ = {isa = PBXFileReference; fileEncoding = 4; lastKnownFileType = sourcecode.c.h; path = ofxAudioPlugin.h; sourceTree = "<group>"; };
		EAF0AA4812ABF619002BD731 /* ofxAudioPluginWrapper.cpp */ = {isa = PBXFileReference; fileEncoding = 4; lastKnownFileType = sourcecode.cpp.cpp; path = ofxAudioPluginWrapper.cpp; sourceTree = "<group>"; };
		EAF0AA4912ABF619002BD731 /* ofxAudioPluginWrapper.h */ = {isa = PBXFileReference; fileEncoding = 4; lastKnownFileType = sourcecode.c.h; path = ofxAudioPluginWrapper.h; sourceTree = "<group>"; };
		EAF0AA4A12ABF619002BD731 /* readme.txt */ = {isa = PBXFileReference; fileEncoding = 4; lastKnownFileType = text; path = readme.txt; sourceTree = "<group>"; };
		EAF0AA5112ABF619002BD731 /* ofxVST.cpp */ = {isa = PBXFileReference; fileEncoding = 4; lastKnownFileType = sourcecode.cpp.cpp; path = ofxVST.cpp; sourceTree = "<group>"; };
		EAF0AA5912ABF62F002BD731 /* ofxAudioPluginConfig.h */ = {isa = PBXFileReference; fileEncoding = 4; lastKnownFileType = sourcecode.c.h; name = ofxAudioPluginConfig.h; path = ../../../src/plugin/ofxAudioPluginConfig.h; sourceTree = SOURCE_ROOT; };
		F4476A16093DCB4D008998C4 /* surrounddelay.cpp */ = {isa = PBXFileReference; fileEncoding = 30; lastKnownFileType = sourcecode.cpp.cpp; name = surrounddelay.cpp; path = ../adelay/surrounddelay.cpp; sourceTree = SOURCE_ROOT; };
		F4476A17093DCB4D008998C4 /* surrounddelay.h */ = {isa = PBXFileReference; fileEncoding = 30; lastKnownFileType = sourcecode.c.h; name = surrounddelay.h; path = ../adelay/surrounddelay.h; sourceTree = SOURCE_ROOT; };
		F4476A9C093DCF68008998C4 /* sdeditor.cpp */ = {isa = PBXFileReference; fileEncoding = 30; lastKnownFileType = sourcecode.cpp.cpp; name = sdeditor.cpp; path = ../adelay/editor/sdeditor.cpp; sourceTree = SOURCE_ROOT; };
		F4476A9D093DCF68008998C4 /* sdeditor.h */ = {isa = PBXFileReference; fileEncoding = 30; lastKnownFileType = sourcecode.c.h; name = sdeditor.h; path = ../adelay/editor/sdeditor.h; sourceTree = SOURCE_ROOT; };
		F4476B78093DD675008998C4 /* QuickTime.framework */ = {isa = PBXFileReference; lastKnownFileType = wrapper.framework; name = QuickTime.framework; path = /System/Library/Frameworks/QuickTime.framework; sourceTree = "<absolute>"; };
		F4FF51E50929FB0400DDED7A /* vst2.4Info.plist */ = {isa = PBXFileReference; fileEncoding = 30; lastKnownFileType = text.plist.xml; path = vst2.4Info.plist; sourceTree = "<group>"; };
		F4FF52F9092A314700DDED7A /* minieditor.cpp */ = {isa = PBXFileReference; fileEncoding = 30; lastKnownFileType = sourcecode.cpp.cpp; name = minieditor.cpp; path = ../minihost/source/minieditor.cpp; sourceTree = SOURCE_ROOT; };
		F4FF52FA092A314700DDED7A /* minihost.cpp */ = {isa = PBXFileReference; fileEncoding = 30; lastKnownFileType = sourcecode.cpp.cpp; name = minihost.cpp; path = ../minihost/source/minihost.cpp; sourceTree = SOURCE_ROOT; };
/* End PBXFileReference section */

/* Begin PBXFrameworksBuildPhase section */
		8D01CCCD0486CAD60068D4B7 /* Frameworks */ = {
			isa = PBXFrameworksBuildPhase;
			buildActionMask = 2147483647;
			files = (
			);
			runOnlyForDeploymentPostprocessing = 0;
		};
/* End PBXFrameworksBuildPhase section */

/* Begin PBXGroup section */
		089C166AFE841209C02AAC07 /* vst 2.4 examples */ = {
			isa = PBXGroup;
			children = (
				08FB77ADFE841716C02AAC07 /* Source */,
				089C167CFE841241C02AAC07 /* Resources */,
				089C1671FE841209C02AAC07 /* External Frameworks and Libraries */,
				19C28FB4FE9D528D11CA2CBB /* Products */,
			);
			name = "vst 2.4 examples";
			sourceTree = "<group>";
		};
		089C1671FE841209C02AAC07 /* External Frameworks and Libraries */ = {
			isa = PBXGroup;
			children = (
				F4476B78093DD675008998C4 /* QuickTime.framework */,
				08EA7FFBFE8413EDC02AAC07 /* Carbon.framework */,
			);
			name = "External Frameworks and Libraries";
			sourceTree = "<group>";
		};
		089C167CFE841241C02AAC07 /* Resources */ = {
			isa = PBXGroup;
			children = (
				F4FF51E50929FB0400DDED7A /* vst2.4Info.plist */,
			);
			name = Resources;
			sourceTree = "<group>";
		};
		08FB77ADFE841716C02AAC07 /* Source */ = {
			isa = PBXGroup;
			children = (
				EAF0AA5912ABF62F002BD731 /* ofxAudioPluginConfig.h */,
				EAF0AA4512ABF619002BD731 /* ofxAudioPlugin */,
				F4FF52FD092A314900DDED7A /* minihost */,
				F4476A12093DCB1D008998C4 /* surrounddelay */,
				F4FF51CD0929F9C400DDED7A /* vst sdk 2.4 */,
			);
			name = Source;
			sourceTree = "<group>";
		};
		19C28FB4FE9D528D11CA2CBB /* Products */ = {
			isa = PBXGroup;
			children = (
				8D01CCD20486CAD60068D4B7 /* Pandemonium.vst */,
			);
			name = Products;
			sourceTree = "<group>";
		};
		EAF0AA4512ABF619002BD731 /* ofxAudioPlugin */ = {
			isa = PBXGroup;
			children = (
				EAF0AA4612ABF619002BD731 /* ofxAudioPlugin.h */,
				EAF0AA4812ABF619002BD731 /* ofxAudioPluginWrapper.cpp */,
				EAF0AA4912ABF619002BD731 /* ofxAudioPluginWrapper.h */,
				EAF0AA4A12ABF619002BD731 /* readme.txt */,
				EAF0AA4B12ABF619002BD731 /* wrappers */,
			);
			name = ofxAudioPlugin;
			path = ../../../lib/ofxAudioPlugin;
			sourceTree = SOURCE_ROOT;
		};
		EAF0AA4B12ABF619002BD731 /* wrappers */ = {
			isa = PBXGroup;
			children = (
				EAF0AA5012ABF619002BD731 /* VST */,
			);
			path = wrappers;
			sourceTree = "<group>";
		};
		EAF0AA5012ABF619002BD731 /* VST */ = {
			isa = PBXGroup;
			children = (
				EAF0AA5112ABF619002BD731 /* ofxVST.cpp */,
			);
			path = VST;
			sourceTree = "<group>";
		};
		F4476A12093DCB1D008998C4 /* surrounddelay */ = {
			isa = PBXGroup;
			children = (
				F4476B87093DD7C0008998C4 /* editor */,
				F4476A16093DCB4D008998C4 /* surrounddelay.cpp */,
				F4476A17093DCB4D008998C4 /* surrounddelay.h */,
			);
			name = surrounddelay;
			sourceTree = "<group>";
		};
		F4476B87093DD7C0008998C4 /* editor */ = {
			isa = PBXGroup;
			children = (
				F4476A9C093DCF68008998C4 /* sdeditor.cpp */,
				F4476A9D093DCF68008998C4 /* sdeditor.h */,
			);
			name = editor;
			sourceTree = "<group>";
		};
		F4FF51CD0929F9C400DDED7A /* vst sdk 2.4 */ = {
			isa = PBXGroup;
			children = (
				EAF0AA2812ABF501002BD731 /* aeffeditor.h */,
				EAF0AA2912ABF501002BD731 /* audioeffect.cpp */,
				EAF0AA2A12ABF501002BD731 /* audioeffect.h */,
				EAF0AA2B12ABF501002BD731 /* audioeffectx.cpp */,
				EAF0AA2C12ABF501002BD731 /* audioeffectx.h */,
				EAF0AA2D12ABF501002BD731 /* vstplugmain.cpp */,
				EAF0AA2512ABF4ED002BD731 /* aeffect.h */,
				EAF0AA2612ABF4ED002BD731 /* aeffectx.h */,
				EAF0AA2712ABF4ED002BD731 /* vstfxstore.h */,
			);
			name = "vst sdk 2.4";
			sourceTree = "<group>";
		};
		F4FF52FD092A314900DDED7A /* minihost */ = {
			isa = PBXGroup;
			children = (
				F4FF52F9092A314700DDED7A /* minieditor.cpp */,
				F4FF52FA092A314700DDED7A /* minihost.cpp */,
			);
			name = minihost;
			sourceTree = "<group>";
		};
/* End PBXGroup section */

/* Begin PBXNativeTarget section */
		8D01CCC60486CAD60068D4B7 /* Pandemonium */ = {
			isa = PBXNativeTarget;
			buildConfigurationList = 4FADC23308B4156C00ABE55E /* Build configuration list for PBXNativeTarget "Pandemonium" */;
			buildPhases = (
				8D01CCC90486CAD60068D4B7 /* Resources */,
				8D01CCCB0486CAD60068D4B7 /* Sources */,
				8D01CCCD0486CAD60068D4B7 /* Frameworks */,
			);
			buildRules = (
			);
			dependencies = (
			);
			name = Pandemonium;
			productInstallPath = "$(HOME)/Library/Bundles";
			productName = "vst 2.4 examples";
			productReference = 8D01CCD20486CAD60068D4B7 /* Pandemonium.vst */;
			productType = "com.apple.product-type.bundle";
		};
/* End PBXNativeTarget section */

/* Begin PBXProject section */
		089C1669FE841209C02AAC07 /* Project object */ = {
			isa = PBXProject;
			buildConfigurationList = 4FADC23708B4156C00ABE55E /* Build configuration list for PBXProject "vst 2.4 examples" */;
			compatibilityVersion = "Xcode 2.4";
			hasScannedForEncodings = 1;
			mainGroup = 089C166AFE841209C02AAC07 /* vst 2.4 examples */;
			projectDirPath = "";
			projectRoot = "";
			targets = (
				F4476C1A093DDA87008998C4 /* all */,
				8D01CCC60486CAD60068D4B7 /* Pandemonium */,
			);
		};
/* End PBXProject section */

/* Begin PBXResourcesBuildPhase section */
		8D01CCC90486CAD60068D4B7 /* Resources */ = {
			isa = PBXResourcesBuildPhase;
			buildActionMask = 2147483647;
			files = (
				EAF0AA5312ABF619002BD731 /* readme.txt in Resources */,
			);
			runOnlyForDeploymentPostprocessing = 0;
		};
/* End PBXResourcesBuildPhase section */

/* Begin PBXSourcesBuildPhase section */
		8D01CCCB0486CAD60068D4B7 /* Sources */ = {
			isa = PBXSourcesBuildPhase;
			buildActionMask = 2147483647;
			files = (
				EAF0AA2E12ABF501002BD731 /* audioeffect.cpp in Sources */,
				EAF0AA2F12ABF501002BD731 /* audioeffectx.cpp in Sources */,
				EAF0AA3012ABF501002BD731 /* vstplugmain.cpp in Sources */,
				EAF0AA5212ABF619002BD731 /* ofxAudioPluginWrapper.cpp in Sources */,
				EAF0AA5612ABF619002BD731 /* ofxVST.cpp in Sources */,
			);
			runOnlyForDeploymentPostprocessing = 0;
		};
/* End PBXSourcesBuildPhase section */

/* Begin PBXTargetDependency section */
		F4476C1C093DDA8D008998C4 /* PBXTargetDependency */ = {
			isa = PBXTargetDependency;
			target = 8D01CCC60486CAD60068D4B7 /* Pandemonium */;
			targetProxy = F4476C1B093DDA8D008998C4 /* PBXContainerItemProxy */;
		};
/* End PBXTargetDependency section */

/* Begin XCBuildConfiguration section */
		4FADC23408B4156C00ABE55E /* Debug */ = {
			isa = XCBuildConfiguration;
			buildSettings = {
				ARCHS = "$(NATIVE_ARCH)";
				HEADER_SEARCH_PATHS = (
					../../../lib/vstsdk2.4,
					"$(HEADER_SEARCH_PATHS)",
				);
				PRODUCT_NAME = Pandemonium;
			};
			name = Debug;
		};
		4FADC23508B4156C00ABE55E /* Release */ = {
			isa = XCBuildConfiguration;
			buildSettings = {
				ARCHS = (
					ppc,
					i386,
				);
				HEADER_SEARCH_PATHS = (
					../../../lib/vstsdk2.4,
					"$(HEADER_SEARCH_PATHS)",
				);
				PRODUCT_NAME = Pandemonium;
			};
			name = Release;
		};
		4FADC23808B4156C00ABE55E /* Debug */ = {
			isa = XCBuildConfiguration;
			buildSettings = {
				GCC_ALTIVEC_EXTENSIONS = YES;
				GCC_OPTIMIZATION_LEVEL = 0;
				GCC_WARN_ABOUT_RETURN_TYPE = YES;
				GCC_WARN_UNUSED_VARIABLE = YES;
				GENERATE_PKGINFO_FILE = YES;
				HEADER_SEARCH_PATHS = (
					"$(HEADER_SEARCH_PATHS)",
					"$(SRCROOT)/../../../../",
				);
				INFOPLIST_FILE = vst2.4Info.plist;
				INFOPLIST_PREPROCESS = YES;
				PREBINDING = NO;
				SDKROOT = /Developer/SDKs/MacOSX10.5.sdk;
				WRAPPER_EXTENSION = vst;
			};
			name = Debug;
		};
		4FADC23908B4156C00ABE55E /* Release */ = {
			isa = XCBuildConfiguration;
			buildSettings = {
				DEPLOYMENT_POSTPROCESSING = YES;
				GCC_ALTIVEC_EXTENSIONS = YES;
				GCC_AUTO_VECTORIZATION = YES;
				GCC_ENABLE_SSE3_EXTENSIONS = YES;
				GCC_GENERATE_DEBUGGING_SYMBOLS = NO;
				GCC_INLINES_ARE_PRIVATE_EXTERN = YES;
				GCC_MODEL_TUNING = G5;
				GCC_SYMBOLS_PRIVATE_EXTERN = YES;
				GCC_UNROLL_LOOPS = YES;
				GCC_WARN_ABOUT_RETURN_TYPE = YES;
				GCC_WARN_UNUSED_VARIABLE = YES;
				GENERATE_PKGINFO_FILE = YES;
				HEADER_SEARCH_PATHS = (
					"$(HEADER_SEARCH_PATHS)",
					"$(SRCROOT)/../../../../",
				);
				INFOPLIST_FILE = vst2.4Info.plist;
				INFOPLIST_PREPROCESS = YES;
				PREBINDING = NO;
				SDKROOT = /Developer/SDKs/MacOSX10.5.sdk;
				WRAPPER_EXTENSION = vst;
			};
			name = Release;
		};
		F4476C2B093DDACE008998C4 /* Debug */ = {
			isa = XCBuildConfiguration;
			buildSettings = {
				COPY_PHASE_STRIP = NO;
				GCC_DYNAMIC_NO_PIC = NO;
				GCC_GENERATE_DEBUGGING_SYMBOLS = YES;
				GCC_OPTIMIZATION_LEVEL = 0;
				PRODUCT_NAME = all;
			};
			name = Debug;
		};
		F4476C2C093DDACE008998C4 /* Release */ = {
			isa = XCBuildConfiguration;
			buildSettings = {
				COPY_PHASE_STRIP = YES;
				GCC_ENABLE_FIX_AND_CONTINUE = NO;
				GCC_GENERATE_DEBUGGING_SYMBOLS = NO;
				PRODUCT_NAME = all;
				ZERO_LINK = NO;
			};
			name = Release;
		};
/* End XCBuildConfiguration section */

/* Begin XCConfigurationList section */
		4FADC23308B4156C00ABE55E /* Build configuration list for PBXNativeTarget "Pandemonium" */ = {
			isa = XCConfigurationList;
			buildConfigurations = (
				4FADC23408B4156C00ABE55E /* Debug */,
				4FADC23508B4156C00ABE55E /* Release */,
			);
			defaultConfigurationIsVisible = 0;
			defaultConfigurationName = Release;
		};
		4FADC23708B4156C00ABE55E /* Build configuration list for PBXProject "vst 2.4 examples" */ = {
			isa = XCConfigurationList;
			buildConfigurations = (
				4FADC23808B4156C00ABE55E /* Debug */,
				4FADC23908B4156C00ABE55E /* Release */,
			);
			defaultConfigurationIsVisible = 0;
			defaultConfigurationName = Release;
		};
		F4476C2A093DDACE008998C4 /* Build configuration list for PBXAggregateTarget "all" */ = {
			isa = XCConfigurationList;
			buildConfigurations = (
				F4476C2B093DDACE008998C4 /* Debug */,
				F4476C2C093DDACE008998C4 /* Release */,
			);
			defaultConfigurationIsVisible = 0;
			defaultConfigurationName = Release;
		};
/* End XCConfigurationList section */
	};
	rootObject = 089C1669FE841209C02AAC07 /* Project object */;
}
