// !$*UTF8*$!
{
	archiveVersion = 1;
	classes = {
	};
	objectVersion = 45;
	objects = {

/* Begin PBXBuildFile section */
		3EEA126E089847F5002C6BFC /* CAVectorUnit.cpp in Sources */ = {isa = PBXBuildFile; fileRef = 3EEA126B089847F5002C6BFC /* CAVectorUnit.cpp */; };
		3EEA126F089847F5002C6BFC /* CAVectorUnit.h in Headers */ = {isa = PBXBuildFile; fileRef = 3EEA126C089847F5002C6BFC /* CAVectorUnit.h */; };
		3EEA1270089847F5002C6BFC /* CAVectorUnitTypes.h in Headers */ = {isa = PBXBuildFile; fileRef = 3EEA126D089847F5002C6BFC /* CAVectorUnitTypes.h */; };
		8BA05AAE072073D300365D66 /* AUBase.cpp in Sources */ = {isa = PBXBuildFile; fileRef = 8BA05A7F072073D200365D66 /* AUBase.cpp */; };
		8BA05AAF072073D300365D66 /* AUBase.h in Headers */ = {isa = PBXBuildFile; fileRef = 8BA05A80072073D200365D66 /* AUBase.h */; };
		8BA05AB0072073D300365D66 /* AUDispatch.cpp in Sources */ = {isa = PBXBuildFile; fileRef = 8BA05A81072073D200365D66 /* AUDispatch.cpp */; };
		8BA05AB1072073D300365D66 /* AUDispatch.h in Headers */ = {isa = PBXBuildFile; fileRef = 8BA05A82072073D200365D66 /* AUDispatch.h */; };
		8BA05AB2072073D300365D66 /* AUInputElement.cpp in Sources */ = {isa = PBXBuildFile; fileRef = 8BA05A83072073D200365D66 /* AUInputElement.cpp */; };
		8BA05AB3072073D300365D66 /* AUInputElement.h in Headers */ = {isa = PBXBuildFile; fileRef = 8BA05A84072073D200365D66 /* AUInputElement.h */; };
		8BA05AB4072073D300365D66 /* AUOutputElement.cpp in Sources */ = {isa = PBXBuildFile; fileRef = 8BA05A85072073D200365D66 /* AUOutputElement.cpp */; };
		8BA05AB5072073D300365D66 /* AUOutputElement.h in Headers */ = {isa = PBXBuildFile; fileRef = 8BA05A86072073D200365D66 /* AUOutputElement.h */; };
		8BA05AB7072073D300365D66 /* AUScopeElement.cpp in Sources */ = {isa = PBXBuildFile; fileRef = 8BA05A88072073D200365D66 /* AUScopeElement.cpp */; };
		8BA05AB8072073D300365D66 /* AUScopeElement.h in Headers */ = {isa = PBXBuildFile; fileRef = 8BA05A89072073D200365D66 /* AUScopeElement.h */; };
		8BA05AB9072073D300365D66 /* ComponentBase.cpp in Sources */ = {isa = PBXBuildFile; fileRef = 8BA05A8A072073D200365D66 /* ComponentBase.cpp */; };
		8BA05ABA072073D300365D66 /* ComponentBase.h in Headers */ = {isa = PBXBuildFile; fileRef = 8BA05A8B072073D200365D66 /* ComponentBase.h */; };
		8BA05AC6072073D300365D66 /* AUEffectBase.cpp in Sources */ = {isa = PBXBuildFile; fileRef = 8BA05A9A072073D200365D66 /* AUEffectBase.cpp */; };
		8BA05AC7072073D300365D66 /* AUEffectBase.h in Headers */ = {isa = PBXBuildFile; fileRef = 8BA05A9B072073D200365D66 /* AUEffectBase.h */; };
		8BA05AD2072073D300365D66 /* AUBuffer.cpp in Sources */ = {isa = PBXBuildFile; fileRef = 8BA05AA7072073D200365D66 /* AUBuffer.cpp */; };
		8BA05AD3072073D300365D66 /* AUBuffer.h in Headers */ = {isa = PBXBuildFile; fileRef = 8BA05AA8072073D200365D66 /* AUBuffer.h */; };
		8BA05AD4072073D300365D66 /* AUDebugDispatcher.cpp in Sources */ = {isa = PBXBuildFile; fileRef = 8BA05AA9072073D200365D66 /* AUDebugDispatcher.cpp */; };
		8BA05AD5072073D300365D66 /* AUDebugDispatcher.h in Headers */ = {isa = PBXBuildFile; fileRef = 8BA05AAA072073D200365D66 /* AUDebugDispatcher.h */; };
		8BA05AD6072073D300365D66 /* AUInputFormatConverter.h in Headers */ = {isa = PBXBuildFile; fileRef = 8BA05AAB072073D200365D66 /* AUInputFormatConverter.h */; };
		8BA05AD7072073D300365D66 /* AUSilentTimeout.h in Headers */ = {isa = PBXBuildFile; fileRef = 8BA05AAC072073D200365D66 /* AUSilentTimeout.h */; };
		8BA05AD8072073D300365D66 /* AUTimestampGenerator.h in Headers */ = {isa = PBXBuildFile; fileRef = 8BA05AAD072073D200365D66 /* AUTimestampGenerator.h */; };
		8BA05AE50720742100365D66 /* CAAudioChannelLayout.cpp in Sources */ = {isa = PBXBuildFile; fileRef = 8BA05ADF0720742100365D66 /* CAAudioChannelLayout.cpp */; };
		8BA05AE60720742100365D66 /* CAAudioChannelLayout.h in Headers */ = {isa = PBXBuildFile; fileRef = 8BA05AE00720742100365D66 /* CAAudioChannelLayout.h */; };
		8BA05AE70720742100365D66 /* CAMutex.cpp in Sources */ = {isa = PBXBuildFile; fileRef = 8BA05AE10720742100365D66 /* CAMutex.cpp */; };
		8BA05AE80720742100365D66 /* CAMutex.h in Headers */ = {isa = PBXBuildFile; fileRef = 8BA05AE20720742100365D66 /* CAMutex.h */; };
		8BA05AE90720742100365D66 /* CAStreamBasicDescription.cpp in Sources */ = {isa = PBXBuildFile; fileRef = 8BA05AE30720742100365D66 /* CAStreamBasicDescription.cpp */; };
		8BA05AEA0720742100365D66 /* CAStreamBasicDescription.h in Headers */ = {isa = PBXBuildFile; fileRef = 8BA05AE40720742100365D66 /* CAStreamBasicDescription.h */; };
		8BA05AFC072074E100365D66 /* AudioToolbox.framework in Frameworks */ = {isa = PBXBuildFile; fileRef = 8BA05AF9072074E100365D66 /* AudioToolbox.framework */; };
		8BA05AFD072074E100365D66 /* AudioUnit.framework in Frameworks */ = {isa = PBXBuildFile; fileRef = 8BA05AFA072074E100365D66 /* AudioUnit.framework */; };
		8BA05B02072074F900365D66 /* CoreServices.framework in Frameworks */ = {isa = PBXBuildFile; fileRef = 8BA05B01072074F900365D66 /* CoreServices.framework */; };
		8BA05B070720754400365D66 /* CAAUParameter.cpp in Sources */ = {isa = PBXBuildFile; fileRef = 8BA05B050720754400365D66 /* CAAUParameter.cpp */; };
		8BA05B080720754400365D66 /* CAAUParameter.h in Headers */ = {isa = PBXBuildFile; fileRef = 8BA05B060720754400365D66 /* CAAUParameter.h */; };
		8D01CCCA0486CAD60068D4B7 /* InfoPlist.strings in Resources */ = {isa = PBXBuildFile; fileRef = 089C167DFE841241C02AAC07 /* InfoPlist.strings */; };
		EA0842AD12BD34430018E285 /* Logger.cpp in Sources */ = {isa = PBXBuildFile; fileRef = EA0842AC12BD34430018E285 /* Logger.cpp */; };
		EA0842AE12BD34430018E285 /* Logger.cpp in Sources */ = {isa = PBXBuildFile; fileRef = EA0842AC12BD34430018E285 /* Logger.cpp */; };
		EA410DD312A914D0007E3440 /* Logger.h in Headers */ = {isa = PBXBuildFile; fileRef = EA410DBF12A914D0007E3440 /* Logger.h */; };
		EA410DD412A914D0007E3440 /* ofxAudioPluginConfig.h in Headers */ = {isa = PBXBuildFile; fileRef = EA410DC112A914D0007E3440 /* ofxAudioPluginConfig.h */; };
		EA410DDD12A914D0007E3440 /* Pandemonium.cpp in Sources */ = {isa = PBXBuildFile; fileRef = EA410DCB12A914D0007E3440 /* Pandemonium.cpp */; };
		EA410DDE12A914D0007E3440 /* Pandemonium.h in Headers */ = {isa = PBXBuildFile; fileRef = EA410DCC12A914D0007E3440 /* Pandemonium.h */; };
		EA410DDF12A914D0007E3440 /* PdPluginParameters.h in Headers */ = {isa = PBXBuildFile; fileRef = EA410DCD12A914D0007E3440 /* PdPluginParameters.h */; };
		EA410DE212A914D0007E3440 /* ZGAUUtils.cpp in Sources */ = {isa = PBXBuildFile; fileRef = EA410DD012A914D0007E3440 /* ZGAUUtils.cpp */; };
		EA410DE312A914D0007E3440 /* ZGAUUtils.h in Headers */ = {isa = PBXBuildFile; fileRef = EA410DD112A914D0007E3440 /* ZGAUUtils.h */; };
		EA410DE412A914D0007E3440 /* ZGPlugin.h in Headers */ = {isa = PBXBuildFile; fileRef = EA410DD212A914D0007E3440 /* ZGPlugin.h */; };
		EA5D99FF1291888000D2C79F /* Pandemonium.component in CopyFiles */ = {isa = PBXBuildFile; fileRef = 8D01CCD20486CAD60068D4B7 /* Pandemonium.component */; };
		EA87E66E135DFA7D00B6B570 /* ofxPd.cpp in Sources */ = {isa = PBXBuildFile; fileRef = EA87E66C135DFA7D00B6B570 /* ofxPd.cpp */; };
		EA87E66F135DFA7D00B6B570 /* ofxPd.cpp in Sources */ = {isa = PBXBuildFile; fileRef = EA87E66C135DFA7D00B6B570 /* ofxPd.cpp */; };
		EA87E670135DFA7D00B6B570 /* ofxPd.h in Headers */ = {isa = PBXBuildFile; fileRef = EA87E66D135DFA7D00B6B570 /* ofxPd.h */; };
		EA87E671135DFA7D00B6B570 /* ofxPd.h in Headers */ = {isa = PBXBuildFile; fileRef = EA87E66D135DFA7D00B6B570 /* ofxPd.h */; };
		EA87E84D135DFAC900B6B570 /* s_libpdmidi.c in Sources */ = {isa = PBXBuildFile; fileRef = EA87E7DA135DFAC900B6B570 /* s_libpdmidi.c */; };
		EA87E84E135DFAC900B6B570 /* x_libpdreceive.c in Sources */ = {isa = PBXBuildFile; fileRef = EA87E7DB135DFAC900B6B570 /* x_libpdreceive.c */; };
		EA87E84F135DFAC900B6B570 /* x_libpdreceive.h in Headers */ = {isa = PBXBuildFile; fileRef = EA87E7DC135DFAC900B6B570 /* x_libpdreceive.h */; };
		EA87E852135DFAC900B6B570 /* z_libpd.c in Sources */ = {isa = PBXBuildFile; fileRef = EA87E7DF135DFAC900B6B570 /* z_libpd.c */; };
		EA87E853135DFAC900B6B570 /* z_libpd.h in Headers */ = {isa = PBXBuildFile; fileRef = EA87E7E0135DFAC900B6B570 /* z_libpd.h */; };
		EA87E871135DFAC900B6B570 /* d_arithmetic.c in Sources */ = {isa = PBXBuildFile; fileRef = EA87E804135DFAC900B6B570 /* d_arithmetic.c */; };
		EA87E872135DFAC900B6B570 /* d_array.c in Sources */ = {isa = PBXBuildFile; fileRef = EA87E805135DFAC900B6B570 /* d_array.c */; };
		EA87E873135DFAC900B6B570 /* d_ctl.c in Sources */ = {isa = PBXBuildFile; fileRef = EA87E806135DFAC900B6B570 /* d_ctl.c */; };
		EA87E874135DFAC900B6B570 /* d_dac.c in Sources */ = {isa = PBXBuildFile; fileRef = EA87E807135DFAC900B6B570 /* d_dac.c */; };
		EA87E875135DFAC900B6B570 /* d_delay.c in Sources */ = {isa = PBXBuildFile; fileRef = EA87E808135DFAC900B6B570 /* d_delay.c */; };
		EA87E876135DFAC900B6B570 /* d_fft.c in Sources */ = {isa = PBXBuildFile; fileRef = EA87E809135DFAC900B6B570 /* d_fft.c */; };
		EA87E877135DFAC900B6B570 /* d_fft_mayer.c in Sources */ = {isa = PBXBuildFile; fileRef = EA87E80A135DFAC900B6B570 /* d_fft_mayer.c */; };
		EA87E878135DFAC900B6B570 /* d_fftroutine.c in Sources */ = {isa = PBXBuildFile; fileRef = EA87E80B135DFAC900B6B570 /* d_fftroutine.c */; };
		EA87E879135DFAC900B6B570 /* d_filter.c in Sources */ = {isa = PBXBuildFile; fileRef = EA87E80C135DFAC900B6B570 /* d_filter.c */; };
		EA87E87A135DFAC900B6B570 /* d_global.c in Sources */ = {isa = PBXBuildFile; fileRef = EA87E80D135DFAC900B6B570 /* d_global.c */; };
		EA87E87B135DFAC900B6B570 /* d_math.c in Sources */ = {isa = PBXBuildFile; fileRef = EA87E80E135DFAC900B6B570 /* d_math.c */; };
		EA87E87C135DFAC900B6B570 /* d_misc.c in Sources */ = {isa = PBXBuildFile; fileRef = EA87E80F135DFAC900B6B570 /* d_misc.c */; };
		EA87E87D135DFAC900B6B570 /* d_osc.c in Sources */ = {isa = PBXBuildFile; fileRef = EA87E810135DFAC900B6B570 /* d_osc.c */; };
		EA87E87E135DFAC900B6B570 /* d_resample.c in Sources */ = {isa = PBXBuildFile; fileRef = EA87E811135DFAC900B6B570 /* d_resample.c */; };
		EA87E87F135DFAC900B6B570 /* d_soundfile.c in Sources */ = {isa = PBXBuildFile; fileRef = EA87E812135DFAC900B6B570 /* d_soundfile.c */; };
		EA87E880135DFAC900B6B570 /* d_ugen.c in Sources */ = {isa = PBXBuildFile; fileRef = EA87E813135DFAC900B6B570 /* d_ugen.c */; };
		EA87E881135DFAC900B6B570 /* g_all_guis.c in Sources */ = {isa = PBXBuildFile; fileRef = EA87E814135DFAC900B6B570 /* g_all_guis.c */; };
		EA87E882135DFAC900B6B570 /* g_all_guis.h in Headers */ = {isa = PBXBuildFile; fileRef = EA87E815135DFAC900B6B570 /* g_all_guis.h */; };
		EA87E883135DFAC900B6B570 /* g_array.c in Sources */ = {isa = PBXBuildFile; fileRef = EA87E816135DFAC900B6B570 /* g_array.c */; };
		EA87E884135DFAC900B6B570 /* g_bang.c in Sources */ = {isa = PBXBuildFile; fileRef = EA87E817135DFAC900B6B570 /* g_bang.c */; };
		EA87E885135DFAC900B6B570 /* g_canvas.c in Sources */ = {isa = PBXBuildFile; fileRef = EA87E818135DFAC900B6B570 /* g_canvas.c */; };
		EA87E886135DFAC900B6B570 /* g_canvas.h in Headers */ = {isa = PBXBuildFile; fileRef = EA87E819135DFAC900B6B570 /* g_canvas.h */; };
		EA87E887135DFAC900B6B570 /* g_editor.c in Sources */ = {isa = PBXBuildFile; fileRef = EA87E81A135DFAC900B6B570 /* g_editor.c */; };
		EA87E888135DFAC900B6B570 /* g_graph.c in Sources */ = {isa = PBXBuildFile; fileRef = EA87E81B135DFAC900B6B570 /* g_graph.c */; };
		EA87E889135DFAC900B6B570 /* g_guiconnect.c in Sources */ = {isa = PBXBuildFile; fileRef = EA87E81C135DFAC900B6B570 /* g_guiconnect.c */; };
		EA87E88A135DFAC900B6B570 /* g_hdial.c in Sources */ = {isa = PBXBuildFile; fileRef = EA87E81D135DFAC900B6B570 /* g_hdial.c */; };
		EA87E88B135DFAC900B6B570 /* g_hslider.c in Sources */ = {isa = PBXBuildFile; fileRef = EA87E81E135DFAC900B6B570 /* g_hslider.c */; };
		EA87E88C135DFAC900B6B570 /* g_io.c in Sources */ = {isa = PBXBuildFile; fileRef = EA87E81F135DFAC900B6B570 /* g_io.c */; };
		EA87E88D135DFAC900B6B570 /* g_mycanvas.c in Sources */ = {isa = PBXBuildFile; fileRef = EA87E820135DFAC900B6B570 /* g_mycanvas.c */; };
		EA87E88E135DFAC900B6B570 /* g_numbox.c in Sources */ = {isa = PBXBuildFile; fileRef = EA87E821135DFAC900B6B570 /* g_numbox.c */; };
		EA87E88F135DFAC900B6B570 /* g_readwrite.c in Sources */ = {isa = PBXBuildFile; fileRef = EA87E822135DFAC900B6B570 /* g_readwrite.c */; };
		EA87E890135DFAC900B6B570 /* g_rtext.c in Sources */ = {isa = PBXBuildFile; fileRef = EA87E823135DFAC900B6B570 /* g_rtext.c */; };
		EA87E891135DFAC900B6B570 /* g_scalar.c in Sources */ = {isa = PBXBuildFile; fileRef = EA87E824135DFAC900B6B570 /* g_scalar.c */; };
		EA87E892135DFAC900B6B570 /* g_template.c in Sources */ = {isa = PBXBuildFile; fileRef = EA87E825135DFAC900B6B570 /* g_template.c */; };
		EA87E893135DFAC900B6B570 /* g_text.c in Sources */ = {isa = PBXBuildFile; fileRef = EA87E826135DFAC900B6B570 /* g_text.c */; };
		EA87E894135DFAC900B6B570 /* g_toggle.c in Sources */ = {isa = PBXBuildFile; fileRef = EA87E827135DFAC900B6B570 /* g_toggle.c */; };
		EA87E895135DFAC900B6B570 /* g_traversal.c in Sources */ = {isa = PBXBuildFile; fileRef = EA87E828135DFAC900B6B570 /* g_traversal.c */; };
		EA87E896135DFAC900B6B570 /* g_vdial.c in Sources */ = {isa = PBXBuildFile; fileRef = EA87E829135DFAC900B6B570 /* g_vdial.c */; };
		EA87E897135DFAC900B6B570 /* g_vslider.c in Sources */ = {isa = PBXBuildFile; fileRef = EA87E82A135DFAC900B6B570 /* g_vslider.c */; };
		EA87E898135DFAC900B6B570 /* g_vumeter.c in Sources */ = {isa = PBXBuildFile; fileRef = EA87E82B135DFAC900B6B570 /* g_vumeter.c */; };
		EA87E899135DFAC900B6B570 /* m_atom.c in Sources */ = {isa = PBXBuildFile; fileRef = EA87E82C135DFAC900B6B570 /* m_atom.c */; };
		EA87E89A135DFAC900B6B570 /* m_binbuf.c in Sources */ = {isa = PBXBuildFile; fileRef = EA87E82D135DFAC900B6B570 /* m_binbuf.c */; };
		EA87E89B135DFAC900B6B570 /* m_class.c in Sources */ = {isa = PBXBuildFile; fileRef = EA87E82E135DFAC900B6B570 /* m_class.c */; };
		EA87E89C135DFAC900B6B570 /* m_conf.c in Sources */ = {isa = PBXBuildFile; fileRef = EA87E82F135DFAC900B6B570 /* m_conf.c */; };
		EA87E89D135DFAC900B6B570 /* m_glob.c in Sources */ = {isa = PBXBuildFile; fileRef = EA87E830135DFAC900B6B570 /* m_glob.c */; };
		EA87E89E135DFAC900B6B570 /* m_imp.h in Headers */ = {isa = PBXBuildFile; fileRef = EA87E831135DFAC900B6B570 /* m_imp.h */; };
		EA87E89F135DFAC900B6B570 /* m_memory.c in Sources */ = {isa = PBXBuildFile; fileRef = EA87E832135DFAC900B6B570 /* m_memory.c */; };
		EA87E8A0135DFAC900B6B570 /* m_obj.c in Sources */ = {isa = PBXBuildFile; fileRef = EA87E833135DFAC900B6B570 /* m_obj.c */; };
		EA87E8A1135DFAC900B6B570 /* m_pd.c in Sources */ = {isa = PBXBuildFile; fileRef = EA87E834135DFAC900B6B570 /* m_pd.c */; };
		EA87E8A2135DFAC900B6B570 /* m_pd.h in Headers */ = {isa = PBXBuildFile; fileRef = EA87E835135DFAC900B6B570 /* m_pd.h */; };
		EA87E8A3135DFAC900B6B570 /* m_sched.c in Sources */ = {isa = PBXBuildFile; fileRef = EA87E836135DFAC900B6B570 /* m_sched.c */; };
		EA87E8A4135DFAC900B6B570 /* s_audio.c in Sources */ = {isa = PBXBuildFile; fileRef = EA87E837135DFAC900B6B570 /* s_audio.c */; };
		EA87E8A5135DFAC900B6B570 /* s_audio_dummy.c in Sources */ = {isa = PBXBuildFile; fileRef = EA87E838135DFAC900B6B570 /* s_audio_dummy.c */; };
		EA87E8A6135DFAC900B6B570 /* s_file.c in Sources */ = {isa = PBXBuildFile; fileRef = EA87E839135DFAC900B6B570 /* s_file.c */; };
		EA87E8A7135DFAC900B6B570 /* s_inter.c in Sources */ = {isa = PBXBuildFile; fileRef = EA87E83A135DFAC900B6B570 /* s_inter.c */; };
		EA87E8A8135DFAC900B6B570 /* s_loader.c in Sources */ = {isa = PBXBuildFile; fileRef = EA87E83B135DFAC900B6B570 /* s_loader.c */; };
		EA87E8A9135DFAC900B6B570 /* s_main.c in Sources */ = {isa = PBXBuildFile; fileRef = EA87E83C135DFAC900B6B570 /* s_main.c */; };
		EA87E8AA135DFAC900B6B570 /* s_path.c in Sources */ = {isa = PBXBuildFile; fileRef = EA87E83D135DFAC900B6B570 /* s_path.c */; };
		EA87E8AB135DFAC900B6B570 /* s_print.c in Sources */ = {isa = PBXBuildFile; fileRef = EA87E83E135DFAC900B6B570 /* s_print.c */; };
		EA87E8AC135DFAC900B6B570 /* s_stuff.h in Headers */ = {isa = PBXBuildFile; fileRef = EA87E83F135DFAC900B6B570 /* s_stuff.h */; };
		EA87E8AD135DFAC900B6B570 /* s_utf8.c in Sources */ = {isa = PBXBuildFile; fileRef = EA87E840135DFAC900B6B570 /* s_utf8.c */; };
		EA87E8AE135DFAC900B6B570 /* s_utf8.h in Headers */ = {isa = PBXBuildFile; fileRef = EA87E841135DFAC900B6B570 /* s_utf8.h */; };
		EA87E8AF135DFAC900B6B570 /* x_acoustics.c in Sources */ = {isa = PBXBuildFile; fileRef = EA87E842135DFAC900B6B570 /* x_acoustics.c */; };
		EA87E8B0135DFAC900B6B570 /* x_arithmetic.c in Sources */ = {isa = PBXBuildFile; fileRef = EA87E843135DFAC900B6B570 /* x_arithmetic.c */; };
		EA87E8B1135DFAC900B6B570 /* x_connective.c in Sources */ = {isa = PBXBuildFile; fileRef = EA87E844135DFAC900B6B570 /* x_connective.c */; };
		EA87E8B2135DFAC900B6B570 /* x_gui.c in Sources */ = {isa = PBXBuildFile; fileRef = EA87E845135DFAC900B6B570 /* x_gui.c */; };
		EA87E8B3135DFAC900B6B570 /* x_interface.c in Sources */ = {isa = PBXBuildFile; fileRef = EA87E846135DFAC900B6B570 /* x_interface.c */; };
		EA87E8B4135DFAC900B6B570 /* x_list.c in Sources */ = {isa = PBXBuildFile; fileRef = EA87E847135DFAC900B6B570 /* x_list.c */; };
		EA87E8B5135DFAC900B6B570 /* x_midi.c in Sources */ = {isa = PBXBuildFile; fileRef = EA87E848135DFAC900B6B570 /* x_midi.c */; };
		EA87E8B6135DFAC900B6B570 /* x_misc.c in Sources */ = {isa = PBXBuildFile; fileRef = EA87E849135DFAC900B6B570 /* x_misc.c */; };
		EA87E8B7135DFAC900B6B570 /* x_net.c in Sources */ = {isa = PBXBuildFile; fileRef = EA87E84A135DFAC900B6B570 /* x_net.c */; };
		EA87E8B8135DFAC900B6B570 /* x_qlist.c in Sources */ = {isa = PBXBuildFile; fileRef = EA87E84B135DFAC900B6B570 /* x_qlist.c */; };
		EA87E8B9135DFAC900B6B570 /* x_time.c in Sources */ = {isa = PBXBuildFile; fileRef = EA87E84C135DFAC900B6B570 /* x_time.c */; };
		EA8BD95412A91A3A000D847D /* Pandemonium.cpp in Sources */ = {isa = PBXBuildFile; fileRef = EA410DCB12A914D0007E3440 /* Pandemonium.cpp */; };
		EA8BD95512A91A3F000D847D /* ofxAudioPluginConfig.h in Headers */ = {isa = PBXBuildFile; fileRef = EA410DC112A914D0007E3440 /* ofxAudioPluginConfig.h */; };
		EA8BD95612A91A45000D847D /* ZGPlugin.h in Headers */ = {isa = PBXBuildFile; fileRef = EA410DD212A914D0007E3440 /* ZGPlugin.h */; };
		EA8BD95712A91A46000D847D /* ZGAUUtils.h in Headers */ = {isa = PBXBuildFile; fileRef = EA410DD112A914D0007E3440 /* ZGAUUtils.h */; };
		EA8BD95812A91A46000D847D /* ZGAUUtils.cpp in Sources */ = {isa = PBXBuildFile; fileRef = EA410DD012A914D0007E3440 /* ZGAUUtils.cpp */; };
		EA8BD95B12A91A49000D847D /* PdPluginParameters.h in Headers */ = {isa = PBXBuildFile; fileRef = EA410DCD12A914D0007E3440 /* PdPluginParameters.h */; };
		EA8BD95C12A91A49000D847D /* Pandemonium.h in Headers */ = {isa = PBXBuildFile; fileRef = EA410DCC12A914D0007E3440 /* Pandemonium.h */; };
		EA8BD95D12A91A4A000D847D /* Logger.h in Headers */ = {isa = PBXBuildFile; fileRef = EA410DBF12A914D0007E3440 /* Logger.h */; };
		EA8BD9B112A91C61000D847D /* CoreAudio.framework in Frameworks */ = {isa = PBXBuildFile; fileRef = 8B5C7FBF076FB2C200A15F61 /* CoreAudio.framework */; };
		EA9BC71112A9252800EDA5CA /* AU_Resources.r in Rez */ = {isa = PBXBuildFile; fileRef = EA9BC71012A9252800EDA5CA /* AU_Resources.r */; };
		EA9BC71812A9254600EDA5CA /* AU_Resources.r in Rez */ = {isa = PBXBuildFile; fileRef = EA9BC71012A9252800EDA5CA /* AU_Resources.r */; };
		EAA54CDD129466CA0025E7BC /* AUBase.h in Headers */ = {isa = PBXBuildFile; fileRef = 8BA05A80072073D200365D66 /* AUBase.h */; };
		EAA54CDE129466CA0025E7BC /* AUDispatch.h in Headers */ = {isa = PBXBuildFile; fileRef = 8BA05A82072073D200365D66 /* AUDispatch.h */; };
		EAA54CDF129466CA0025E7BC /* AUInputElement.h in Headers */ = {isa = PBXBuildFile; fileRef = 8BA05A84072073D200365D66 /* AUInputElement.h */; };
		EAA54CE0129466CA0025E7BC /* AUOutputElement.h in Headers */ = {isa = PBXBuildFile; fileRef = 8BA05A86072073D200365D66 /* AUOutputElement.h */; };
		EAA54CE1129466CA0025E7BC /* AUScopeElement.h in Headers */ = {isa = PBXBuildFile; fileRef = 8BA05A89072073D200365D66 /* AUScopeElement.h */; };
		EAA54CE2129466CA0025E7BC /* ComponentBase.h in Headers */ = {isa = PBXBuildFile; fileRef = 8BA05A8B072073D200365D66 /* ComponentBase.h */; };
		EAA54CE3129466CA0025E7BC /* AUEffectBase.h in Headers */ = {isa = PBXBuildFile; fileRef = 8BA05A9B072073D200365D66 /* AUEffectBase.h */; };
		EAA54CE4129466CA0025E7BC /* AUBuffer.h in Headers */ = {isa = PBXBuildFile; fileRef = 8BA05AA8072073D200365D66 /* AUBuffer.h */; };
		EAA54CE5129466CA0025E7BC /* AUDebugDispatcher.h in Headers */ = {isa = PBXBuildFile; fileRef = 8BA05AAA072073D200365D66 /* AUDebugDispatcher.h */; };
		EAA54CE6129466CA0025E7BC /* AUInputFormatConverter.h in Headers */ = {isa = PBXBuildFile; fileRef = 8BA05AAB072073D200365D66 /* AUInputFormatConverter.h */; };
		EAA54CE7129466CA0025E7BC /* AUSilentTimeout.h in Headers */ = {isa = PBXBuildFile; fileRef = 8BA05AAC072073D200365D66 /* AUSilentTimeout.h */; };
		EAA54CE8129466CA0025E7BC /* AUTimestampGenerator.h in Headers */ = {isa = PBXBuildFile; fileRef = 8BA05AAD072073D200365D66 /* AUTimestampGenerator.h */; };
		EAA54CE9129466CA0025E7BC /* CAAudioChannelLayout.h in Headers */ = {isa = PBXBuildFile; fileRef = 8BA05AE00720742100365D66 /* CAAudioChannelLayout.h */; };
		EAA54CEA129466CA0025E7BC /* CAMutex.h in Headers */ = {isa = PBXBuildFile; fileRef = 8BA05AE20720742100365D66 /* CAMutex.h */; };
		EAA54CEB129466CA0025E7BC /* CAStreamBasicDescription.h in Headers */ = {isa = PBXBuildFile; fileRef = 8BA05AE40720742100365D66 /* CAStreamBasicDescription.h */; };
		EAA54CEC129466CA0025E7BC /* CAAUParameter.h in Headers */ = {isa = PBXBuildFile; fileRef = 8BA05B060720754400365D66 /* CAAUParameter.h */; };
		EAA54CED129466CA0025E7BC /* CAVectorUnit.h in Headers */ = {isa = PBXBuildFile; fileRef = 3EEA126C089847F5002C6BFC /* CAVectorUnit.h */; };
		EAA54CEE129466CA0025E7BC /* CAVectorUnitTypes.h in Headers */ = {isa = PBXBuildFile; fileRef = 3EEA126D089847F5002C6BFC /* CAVectorUnitTypes.h */; };
		EAA54CEF129466CA0025E7BC /* AUBaseHelper.h in Headers */ = {isa = PBXBuildFile; fileRef = F7C347EF0ECE5AF8008ADFB6 /* AUBaseHelper.h */; };
		EAA54CF1129466CA0025E7BC /* ofxAudioPlugin.h in Headers */ = {isa = PBXBuildFile; fileRef = EAD1F26412918BD20017A281 /* ofxAudioPlugin.h */; };
		EAA54CF8129466CA0025E7BC /* ofxDirList.h in Headers */ = {isa = PBXBuildFile; fileRef = EAD06C601291F9DB00971CC9 /* ofxDirList.h */; };
		EAA54CF9129466CA0025E7BC /* ofxFileUtils.h in Headers */ = {isa = PBXBuildFile; fileRef = EAD06C631291F9DB00971CC9 /* ofxFileUtils.h */; };
		EAA54D04129466CA0025E7BC /* ofxAudioPluginWrapper.h in Headers */ = {isa = PBXBuildFile; fileRef = EAD06DEB1292003700971CC9 /* ofxAudioPluginWrapper.h */; };
		EAA54D06129466CA0025E7BC /* InfoPlist.strings in Resources */ = {isa = PBXBuildFile; fileRef = 089C167DFE841241C02AAC07 /* InfoPlist.strings */; };
		EAA54D08129466CA0025E7BC /* AUBase.cpp in Sources */ = {isa = PBXBuildFile; fileRef = 8BA05A7F072073D200365D66 /* AUBase.cpp */; };
		EAA54D09129466CA0025E7BC /* AUDispatch.cpp in Sources */ = {isa = PBXBuildFile; fileRef = 8BA05A81072073D200365D66 /* AUDispatch.cpp */; };
		EAA54D0A129466CA0025E7BC /* AUInputElement.cpp in Sources */ = {isa = PBXBuildFile; fileRef = 8BA05A83072073D200365D66 /* AUInputElement.cpp */; };
		EAA54D0B129466CA0025E7BC /* AUOutputElement.cpp in Sources */ = {isa = PBXBuildFile; fileRef = 8BA05A85072073D200365D66 /* AUOutputElement.cpp */; };
		EAA54D0C129466CA0025E7BC /* AUScopeElement.cpp in Sources */ = {isa = PBXBuildFile; fileRef = 8BA05A88072073D200365D66 /* AUScopeElement.cpp */; };
		EAA54D0D129466CA0025E7BC /* ComponentBase.cpp in Sources */ = {isa = PBXBuildFile; fileRef = 8BA05A8A072073D200365D66 /* ComponentBase.cpp */; };
		EAA54D0E129466CA0025E7BC /* AUEffectBase.cpp in Sources */ = {isa = PBXBuildFile; fileRef = 8BA05A9A072073D200365D66 /* AUEffectBase.cpp */; };
		EAA54D0F129466CA0025E7BC /* AUBuffer.cpp in Sources */ = {isa = PBXBuildFile; fileRef = 8BA05AA7072073D200365D66 /* AUBuffer.cpp */; };
		EAA54D10129466CA0025E7BC /* AUDebugDispatcher.cpp in Sources */ = {isa = PBXBuildFile; fileRef = 8BA05AA9072073D200365D66 /* AUDebugDispatcher.cpp */; };
		EAA54D11129466CA0025E7BC /* CAAudioChannelLayout.cpp in Sources */ = {isa = PBXBuildFile; fileRef = 8BA05ADF0720742100365D66 /* CAAudioChannelLayout.cpp */; };
		EAA54D12129466CA0025E7BC /* CAMutex.cpp in Sources */ = {isa = PBXBuildFile; fileRef = 8BA05AE10720742100365D66 /* CAMutex.cpp */; };
		EAA54D13129466CA0025E7BC /* CAStreamBasicDescription.cpp in Sources */ = {isa = PBXBuildFile; fileRef = 8BA05AE30720742100365D66 /* CAStreamBasicDescription.cpp */; };
		EAA54D14129466CA0025E7BC /* CAAUParameter.cpp in Sources */ = {isa = PBXBuildFile; fileRef = 8BA05B050720754400365D66 /* CAAUParameter.cpp */; };
		EAA54D15129466CA0025E7BC /* CAVectorUnit.cpp in Sources */ = {isa = PBXBuildFile; fileRef = 3EEA126B089847F5002C6BFC /* CAVectorUnit.cpp */; };
		EAA54D16129466CA0025E7BC /* AUBaseHelper.cpp in Sources */ = {isa = PBXBuildFile; fileRef = F7C347EE0ECE5AF8008ADFB6 /* AUBaseHelper.cpp */; };
		EAA54D17129466CA0025E7BC /* ofxAudioUnit.cpp in Sources */ = {isa = PBXBuildFile; fileRef = EAD1F26B12918BD20017A281 /* ofxAudioUnit.cpp */; };
		EAA54D19129466CA0025E7BC /* ofxAudioUnit.exp in Sources */ = {isa = PBXBuildFile; fileRef = EAD06C0512919B2F00971CC9 /* ofxAudioUnit.exp */; };
		EAA54D1C129466CA0025E7BC /* ofxDirList.cpp in Sources */ = {isa = PBXBuildFile; fileRef = EAD06C5F1291F9DB00971CC9 /* ofxDirList.cpp */; };
		EAA54D1D129466CA0025E7BC /* ofxFileUtils.mm in Sources */ = {isa = PBXBuildFile; fileRef = EAD06C641291F9DB00971CC9 /* ofxFileUtils.mm */; };
		EAA54D68129466CA0025E7BC /* ofxAudioPluginWrapper.cpp in Sources */ = {isa = PBXBuildFile; fileRef = EAD06EA712940B8900971CC9 /* ofxAudioPluginWrapper.cpp */; };
		EAA54D6A129466CA0025E7BC /* AudioToolbox.framework in Frameworks */ = {isa = PBXBuildFile; fileRef = 8BA05AF9072074E100365D66 /* AudioToolbox.framework */; };
		EAA54D6B129466CA0025E7BC /* AudioUnit.framework in Frameworks */ = {isa = PBXBuildFile; fileRef = 8BA05AFA072074E100365D66 /* AudioUnit.framework */; };
		EAA54D6C129466CA0025E7BC /* CoreServices.framework in Frameworks */ = {isa = PBXBuildFile; fileRef = 8BA05B01072074F900365D66 /* CoreServices.framework */; };
		EAA54D6D129466CA0025E7BC /* Cocoa.framework in Frameworks */ = {isa = PBXBuildFile; fileRef = EAD06C551291F9C700971CC9 /* Cocoa.framework */; };
		EAA54DBB12946D6D0025E7BC /* AUInstrumentBase.cpp in Sources */ = {isa = PBXBuildFile; fileRef = EAA54DB112946D6D0025E7BC /* AUInstrumentBase.cpp */; };
		EAA54DBC12946D6D0025E7BC /* AUInstrumentBase.h in Headers */ = {isa = PBXBuildFile; fileRef = EAA54DB212946D6D0025E7BC /* AUInstrumentBase.h */; };
		EAA54DBD12946D6D0025E7BC /* SynthElement.cpp in Sources */ = {isa = PBXBuildFile; fileRef = EAA54DB312946D6D0025E7BC /* SynthElement.cpp */; };
		EAA54DBE12946D6D0025E7BC /* SynthElement.h in Headers */ = {isa = PBXBuildFile; fileRef = EAA54DB412946D6D0025E7BC /* SynthElement.h */; };
		EAA54DBF12946D6D0025E7BC /* SynthEvent.h in Headers */ = {isa = PBXBuildFile; fileRef = EAA54DB512946D6D0025E7BC /* SynthEvent.h */; };
		EAA54DC012946D6D0025E7BC /* SynthNote.cpp in Sources */ = {isa = PBXBuildFile; fileRef = EAA54DB612946D6D0025E7BC /* SynthNote.cpp */; };
		EAA54DC112946D6D0025E7BC /* SynthNote.h in Headers */ = {isa = PBXBuildFile; fileRef = EAA54DB712946D6D0025E7BC /* SynthNote.h */; };
		EAA54DC212946D6D0025E7BC /* SynthNoteList.cpp in Sources */ = {isa = PBXBuildFile; fileRef = EAA54DB812946D6D0025E7BC /* SynthNoteList.cpp */; };
		EAA54DC312946D6D0025E7BC /* SynthNoteList.h in Headers */ = {isa = PBXBuildFile; fileRef = EAA54DB912946D6D0025E7BC /* SynthNoteList.h */; };
		EAA54DC412946D6D0025E7BC /* LockFreeFIFO.h in Headers */ = {isa = PBXBuildFile; fileRef = EAA54DBA12946D6D0025E7BC /* LockFreeFIFO.h */; };
		EAA54DD7129471070025E7BC /* AUMIDIBase.cpp in Sources */ = {isa = PBXBuildFile; fileRef = EAA54DD3129471070025E7BC /* AUMIDIBase.cpp */; };
		EAA54DD8129471070025E7BC /* AUMIDIBase.h in Headers */ = {isa = PBXBuildFile; fileRef = EAA54DD4129471070025E7BC /* AUMIDIBase.h */; };
		EAA54DD9129471070025E7BC /* MusicDeviceBase.cpp in Sources */ = {isa = PBXBuildFile; fileRef = EAA54DD5129471070025E7BC /* MusicDeviceBase.cpp */; };
		EAA54DDA129471070025E7BC /* MusicDeviceBase.h in Headers */ = {isa = PBXBuildFile; fileRef = EAA54DD6129471070025E7BC /* MusicDeviceBase.h */; };
		EAA54E2F1294730D0025E7BC /* Pandemonium Instrument.component in CopyFiles */ = {isa = PBXBuildFile; fileRef = EAA54D75129466CA0025E7BC /* Pandemonium Instrument.component */; };
		EAD06C0612919B2F00971CC9 /* ofxAudioUnit.exp in Sources */ = {isa = PBXBuildFile; fileRef = EAD06C0512919B2F00971CC9 /* ofxAudioUnit.exp */; };
		EAD06C561291F9C700971CC9 /* Cocoa.framework in Frameworks */ = {isa = PBXBuildFile; fileRef = EAD06C551291F9C700971CC9 /* Cocoa.framework */; };
		EAD06C681291F9DB00971CC9 /* ofxDirList.cpp in Sources */ = {isa = PBXBuildFile; fileRef = EAD06C5F1291F9DB00971CC9 /* ofxDirList.cpp */; };
		EAD06C691291F9DB00971CC9 /* ofxDirList.h in Headers */ = {isa = PBXBuildFile; fileRef = EAD06C601291F9DB00971CC9 /* ofxDirList.h */; };
		EAD06C6A1291F9DB00971CC9 /* ofxFileUtils.h in Headers */ = {isa = PBXBuildFile; fileRef = EAD06C631291F9DB00971CC9 /* ofxFileUtils.h */; };
		EAD06C6B1291F9DB00971CC9 /* ofxFileUtils.mm in Sources */ = {isa = PBXBuildFile; fileRef = EAD06C641291F9DB00971CC9 /* ofxFileUtils.mm */; };
		EAD06DEC1292003700971CC9 /* ofxAudioPluginWrapper.h in Headers */ = {isa = PBXBuildFile; fileRef = EAD06DEB1292003700971CC9 /* ofxAudioPluginWrapper.h */; };
		EAD06EA812940B8900971CC9 /* ofxAudioPluginWrapper.cpp in Sources */ = {isa = PBXBuildFile; fileRef = EAD06EA712940B8900971CC9 /* ofxAudioPluginWrapper.cpp */; };
		EAD1F26C12918BD20017A281 /* ofxAudioPlugin.h in Headers */ = {isa = PBXBuildFile; fileRef = EAD1F26412918BD20017A281 /* ofxAudioPlugin.h */; };
		EAD1F27112918BD20017A281 /* ofxAudioUnit.cpp in Sources */ = {isa = PBXBuildFile; fileRef = EAD1F26B12918BD20017A281 /* ofxAudioUnit.cpp */; };
		EAF05DB012A918D800A75A3B /* MusicDeviceBase.h in Headers */ = {isa = PBXBuildFile; fileRef = EAA54DD6129471070025E7BC /* MusicDeviceBase.h */; };
		EAF05DB112A918D800A75A3B /* MusicDeviceBase.cpp in Sources */ = {isa = PBXBuildFile; fileRef = EAA54DD5129471070025E7BC /* MusicDeviceBase.cpp */; };
		EAF05DB212A918D900A75A3B /* AUMIDIBase.h in Headers */ = {isa = PBXBuildFile; fileRef = EAA54DD4129471070025E7BC /* AUMIDIBase.h */; };
		EAF05DB312A918DA00A75A3B /* AUMIDIBase.cpp in Sources */ = {isa = PBXBuildFile; fileRef = EAA54DD3129471070025E7BC /* AUMIDIBase.cpp */; };
		F7C347F00ECE5AF8008ADFB6 /* AUBaseHelper.cpp in Sources */ = {isa = PBXBuildFile; fileRef = F7C347EE0ECE5AF8008ADFB6 /* AUBaseHelper.cpp */; };
		F7C347F10ECE5AF8008ADFB6 /* AUBaseHelper.h in Headers */ = {isa = PBXBuildFile; fileRef = F7C347EF0ECE5AF8008ADFB6 /* AUBaseHelper.h */; };
/* End PBXBuildFile section */

/* Begin PBXCopyFilesBuildPhase section */
		EA5D99FA1291886800D2C79F /* CopyFiles */ = {
			isa = PBXCopyFilesBuildPhase;
			buildActionMask = 2147483647;
			dstPath = "/Library/Audio/Plug-Ins/Components";
			dstSubfolderSpec = 0;
			files = (
				EA5D99FF1291888000D2C79F /* Pandemonium.component in CopyFiles */,
			);
			runOnlyForDeploymentPostprocessing = 0;
		};
		EAA54D70129466CA0025E7BC /* CopyFiles */ = {
			isa = PBXCopyFilesBuildPhase;
			buildActionMask = 2147483647;
			dstPath = "/Library/Audio/Plug-Ins/Components";
			dstSubfolderSpec = 0;
			files = (
				EAA54E2F1294730D0025E7BC /* Pandemonium Instrument.component in CopyFiles */,
			);
			runOnlyForDeploymentPostprocessing = 0;
		};
/* End PBXCopyFilesBuildPhase section */

/* Begin PBXFileReference section */
		089C167EFE841241C02AAC07 /* English */ = {isa = PBXFileReference; fileEncoding = 10; lastKnownFileType = text.plist.strings; name = English; path = English.lproj/InfoPlist.strings; sourceTree = "<group>"; };
		3EEA126B089847F5002C6BFC /* CAVectorUnit.cpp */ = {isa = PBXFileReference; fileEncoding = 30; lastKnownFileType = sourcecode.cpp.cpp; path = CAVectorUnit.cpp; sourceTree = "<group>"; };
		3EEA126C089847F5002C6BFC /* CAVectorUnit.h */ = {isa = PBXFileReference; fileEncoding = 30; lastKnownFileType = sourcecode.c.h; path = CAVectorUnit.h; sourceTree = "<group>"; };
		3EEA126D089847F5002C6BFC /* CAVectorUnitTypes.h */ = {isa = PBXFileReference; fileEncoding = 30; lastKnownFileType = sourcecode.c.h; path = CAVectorUnitTypes.h; sourceTree = "<group>"; };
		8B5C7FBF076FB2C200A15F61 /* CoreAudio.framework */ = {isa = PBXFileReference; lastKnownFileType = wrapper.framework; name = CoreAudio.framework; path = /System/Library/Frameworks/CoreAudio.framework; sourceTree = "<absolute>"; };
		8BA05A7F072073D200365D66 /* AUBase.cpp */ = {isa = PBXFileReference; fileEncoding = 30; lastKnownFileType = sourcecode.cpp.cpp; path = AUBase.cpp; sourceTree = "<group>"; };
		8BA05A80072073D200365D66 /* AUBase.h */ = {isa = PBXFileReference; fileEncoding = 30; lastKnownFileType = sourcecode.c.h; path = AUBase.h; sourceTree = "<group>"; };
		8BA05A81072073D200365D66 /* AUDispatch.cpp */ = {isa = PBXFileReference; fileEncoding = 30; lastKnownFileType = sourcecode.cpp.cpp; path = AUDispatch.cpp; sourceTree = "<group>"; };
		8BA05A82072073D200365D66 /* AUDispatch.h */ = {isa = PBXFileReference; fileEncoding = 30; lastKnownFileType = sourcecode.c.h; path = AUDispatch.h; sourceTree = "<group>"; };
		8BA05A83072073D200365D66 /* AUInputElement.cpp */ = {isa = PBXFileReference; fileEncoding = 30; lastKnownFileType = sourcecode.cpp.cpp; path = AUInputElement.cpp; sourceTree = "<group>"; };
		8BA05A84072073D200365D66 /* AUInputElement.h */ = {isa = PBXFileReference; fileEncoding = 30; lastKnownFileType = sourcecode.c.h; path = AUInputElement.h; sourceTree = "<group>"; };
		8BA05A85072073D200365D66 /* AUOutputElement.cpp */ = {isa = PBXFileReference; fileEncoding = 30; lastKnownFileType = sourcecode.cpp.cpp; path = AUOutputElement.cpp; sourceTree = "<group>"; };
		8BA05A86072073D200365D66 /* AUOutputElement.h */ = {isa = PBXFileReference; fileEncoding = 30; lastKnownFileType = sourcecode.c.h; path = AUOutputElement.h; sourceTree = "<group>"; };
		8BA05A87072073D200365D66 /* AUResources.r */ = {isa = PBXFileReference; fileEncoding = 30; lastKnownFileType = sourcecode.rez; path = AUResources.r; sourceTree = "<group>"; };
		8BA05A88072073D200365D66 /* AUScopeElement.cpp */ = {isa = PBXFileReference; fileEncoding = 30; lastKnownFileType = sourcecode.cpp.cpp; path = AUScopeElement.cpp; sourceTree = "<group>"; };
		8BA05A89072073D200365D66 /* AUScopeElement.h */ = {isa = PBXFileReference; fileEncoding = 30; lastKnownFileType = sourcecode.c.h; path = AUScopeElement.h; sourceTree = "<group>"; };
		8BA05A8A072073D200365D66 /* ComponentBase.cpp */ = {isa = PBXFileReference; fileEncoding = 30; lastKnownFileType = sourcecode.cpp.cpp; path = ComponentBase.cpp; sourceTree = "<group>"; };
		8BA05A8B072073D200365D66 /* ComponentBase.h */ = {isa = PBXFileReference; fileEncoding = 30; lastKnownFileType = sourcecode.c.h; path = ComponentBase.h; sourceTree = "<group>"; };
		8BA05A9A072073D200365D66 /* AUEffectBase.cpp */ = {isa = PBXFileReference; fileEncoding = 30; lastKnownFileType = sourcecode.cpp.cpp; path = AUEffectBase.cpp; sourceTree = "<group>"; };
		8BA05A9B072073D200365D66 /* AUEffectBase.h */ = {isa = PBXFileReference; fileEncoding = 30; lastKnownFileType = sourcecode.c.h; path = AUEffectBase.h; sourceTree = "<group>"; };
		8BA05AA7072073D200365D66 /* AUBuffer.cpp */ = {isa = PBXFileReference; fileEncoding = 30; lastKnownFileType = sourcecode.cpp.cpp; path = AUBuffer.cpp; sourceTree = "<group>"; };
		8BA05AA8072073D200365D66 /* AUBuffer.h */ = {isa = PBXFileReference; fileEncoding = 30; lastKnownFileType = sourcecode.c.h; path = AUBuffer.h; sourceTree = "<group>"; };
		8BA05AA9072073D200365D66 /* AUDebugDispatcher.cpp */ = {isa = PBXFileReference; fileEncoding = 30; lastKnownFileType = sourcecode.cpp.cpp; path = AUDebugDispatcher.cpp; sourceTree = "<group>"; };
		8BA05AAA072073D200365D66 /* AUDebugDispatcher.h */ = {isa = PBXFileReference; fileEncoding = 30; lastKnownFileType = sourcecode.c.h; path = AUDebugDispatcher.h; sourceTree = "<group>"; };
		8BA05AAB072073D200365D66 /* AUInputFormatConverter.h */ = {isa = PBXFileReference; fileEncoding = 30; lastKnownFileType = sourcecode.c.h; path = AUInputFormatConverter.h; sourceTree = "<group>"; };
		8BA05AAC072073D200365D66 /* AUSilentTimeout.h */ = {isa = PBXFileReference; fileEncoding = 30; lastKnownFileType = sourcecode.c.h; path = AUSilentTimeout.h; sourceTree = "<group>"; };
		8BA05AAD072073D200365D66 /* AUTimestampGenerator.h */ = {isa = PBXFileReference; fileEncoding = 30; lastKnownFileType = sourcecode.c.h; path = AUTimestampGenerator.h; sourceTree = "<group>"; };
		8BA05ADF0720742100365D66 /* CAAudioChannelLayout.cpp */ = {isa = PBXFileReference; fileEncoding = 30; lastKnownFileType = sourcecode.cpp.cpp; path = CAAudioChannelLayout.cpp; sourceTree = "<group>"; };
		8BA05AE00720742100365D66 /* CAAudioChannelLayout.h */ = {isa = PBXFileReference; fileEncoding = 30; lastKnownFileType = sourcecode.c.h; path = CAAudioChannelLayout.h; sourceTree = "<group>"; };
		8BA05AE10720742100365D66 /* CAMutex.cpp */ = {isa = PBXFileReference; fileEncoding = 30; lastKnownFileType = sourcecode.cpp.cpp; path = CAMutex.cpp; sourceTree = "<group>"; };
		8BA05AE20720742100365D66 /* CAMutex.h */ = {isa = PBXFileReference; fileEncoding = 30; lastKnownFileType = sourcecode.c.h; path = CAMutex.h; sourceTree = "<group>"; };
		8BA05AE30720742100365D66 /* CAStreamBasicDescription.cpp */ = {isa = PBXFileReference; fileEncoding = 30; lastKnownFileType = sourcecode.cpp.cpp; path = CAStreamBasicDescription.cpp; sourceTree = "<group>"; };
		8BA05AE40720742100365D66 /* CAStreamBasicDescription.h */ = {isa = PBXFileReference; fileEncoding = 30; lastKnownFileType = sourcecode.c.h; path = CAStreamBasicDescription.h; sourceTree = "<group>"; };
		8BA05AF9072074E100365D66 /* AudioToolbox.framework */ = {isa = PBXFileReference; lastKnownFileType = wrapper.framework; name = AudioToolbox.framework; path = /System/Library/Frameworks/AudioToolbox.framework; sourceTree = "<absolute>"; };
		8BA05AFA072074E100365D66 /* AudioUnit.framework */ = {isa = PBXFileReference; lastKnownFileType = wrapper.framework; name = AudioUnit.framework; path = /System/Library/Frameworks/AudioUnit.framework; sourceTree = "<absolute>"; };
		8BA05B01072074F900365D66 /* CoreServices.framework */ = {isa = PBXFileReference; lastKnownFileType = wrapper.framework; name = CoreServices.framework; path = /System/Library/Frameworks/CoreServices.framework; sourceTree = "<absolute>"; };
		8BA05B050720754400365D66 /* CAAUParameter.cpp */ = {isa = PBXFileReference; fileEncoding = 30; lastKnownFileType = sourcecode.cpp.cpp; path = CAAUParameter.cpp; sourceTree = "<group>"; };
		8BA05B060720754400365D66 /* CAAUParameter.h */ = {isa = PBXFileReference; fileEncoding = 30; lastKnownFileType = sourcecode.c.h; path = CAAUParameter.h; sourceTree = "<group>"; };
		8D01CCD10486CAD60068D4B7 /* Info.plist */ = {isa = PBXFileReference; fileEncoding = 4; lastKnownFileType = text.plist; path = Info.plist; sourceTree = "<group>"; };
		8D01CCD20486CAD60068D4B7 /* Pandemonium.component */ = {isa = PBXFileReference; explicitFileType = wrapper.cfbundle; includeInIndex = 0; path = Pandemonium.component; sourceTree = BUILT_PRODUCTS_DIR; };
		EA0842AC12BD34430018E285 /* Logger.cpp */ = {isa = PBXFileReference; fileEncoding = 4; lastKnownFileType = sourcecode.cpp.cpp; path = Logger.cpp; sourceTree = "<group>"; };
		EA410DBF12A914D0007E3440 /* Logger.h */ = {isa = PBXFileReference; fileEncoding = 4; lastKnownFileType = sourcecode.c.h; path = Logger.h; sourceTree = "<group>"; };
		EA410DC112A914D0007E3440 /* ofxAudioPluginConfig.h */ = {isa = PBXFileReference; fileEncoding = 4; lastKnownFileType = sourcecode.c.h; path = ofxAudioPluginConfig.h; sourceTree = "<group>"; };
		EA410DCB12A914D0007E3440 /* Pandemonium.cpp */ = {isa = PBXFileReference; fileEncoding = 4; lastKnownFileType = sourcecode.cpp.cpp; path = Pandemonium.cpp; sourceTree = "<group>"; };
		EA410DCC12A914D0007E3440 /* Pandemonium.h */ = {isa = PBXFileReference; fileEncoding = 4; lastKnownFileType = sourcecode.c.h; path = Pandemonium.h; sourceTree = "<group>"; };
		EA410DCD12A914D0007E3440 /* PdPluginParameters.h */ = {isa = PBXFileReference; fileEncoding = 4; lastKnownFileType = sourcecode.c.h; path = PdPluginParameters.h; sourceTree = "<group>"; };
		EA410DD012A914D0007E3440 /* ZGAUUtils.cpp */ = {isa = PBXFileReference; fileEncoding = 4; lastKnownFileType = sourcecode.cpp.cpp; path = ZGAUUtils.cpp; sourceTree = "<group>"; };
		EA410DD112A914D0007E3440 /* ZGAUUtils.h */ = {isa = PBXFileReference; fileEncoding = 4; lastKnownFileType = sourcecode.c.h; path = ZGAUUtils.h; sourceTree = "<group>"; };
		EA410DD212A914D0007E3440 /* ZGPlugin.h */ = {isa = PBXFileReference; fileEncoding = 4; lastKnownFileType = sourcecode.c.h; path = ZGPlugin.h; sourceTree = "<group>"; };
		EA87E66C135DFA7D00B6B570 /* ofxPd.cpp */ = {isa = PBXFileReference; fileEncoding = 4; lastKnownFileType = sourcecode.cpp.cpp; path = ofxPd.cpp; sourceTree = "<group>"; };
		EA87E66D135DFA7D00B6B570 /* ofxPd.h */ = {isa = PBXFileReference; fileEncoding = 4; lastKnownFileType = sourcecode.c.h; path = ofxPd.h; sourceTree = "<group>"; };
		EA87E7DA135DFAC900B6B570 /* s_libpdmidi.c */ = {isa = PBXFileReference; fileEncoding = 4; lastKnownFileType = sourcecode.c.c; path = s_libpdmidi.c; sourceTree = "<group>"; };
		EA87E7DB135DFAC900B6B570 /* x_libpdreceive.c */ = {isa = PBXFileReference; fileEncoding = 4; lastKnownFileType = sourcecode.c.c; path = x_libpdreceive.c; sourceTree = "<group>"; };
		EA87E7DC135DFAC900B6B570 /* x_libpdreceive.h */ = {isa = PBXFileReference; fileEncoding = 4; lastKnownFileType = sourcecode.c.h; path = x_libpdreceive.h; sourceTree = "<group>"; };
		EA87E7DF135DFAC900B6B570 /* z_libpd.c */ = {isa = PBXFileReference; fileEncoding = 4; lastKnownFileType = sourcecode.c.c; path = z_libpd.c; sourceTree = "<group>"; };
		EA87E7E0135DFAC900B6B570 /* z_libpd.h */ = {isa = PBXFileReference; fileEncoding = 4; lastKnownFileType = sourcecode.c.h; path = z_libpd.h; sourceTree = "<group>"; };
		EA87E804135DFAC900B6B570 /* d_arithmetic.c */ = {isa = PBXFileReference; fileEncoding = 4; lastKnownFileType = sourcecode.c.c; path = d_arithmetic.c; sourceTree = "<group>"; };
		EA87E805135DFAC900B6B570 /* d_array.c */ = {isa = PBXFileReference; fileEncoding = 4; lastKnownFileType = sourcecode.c.c; path = d_array.c; sourceTree = "<group>"; };
		EA87E806135DFAC900B6B570 /* d_ctl.c */ = {isa = PBXFileReference; fileEncoding = 4; lastKnownFileType = sourcecode.c.c; path = d_ctl.c; sourceTree = "<group>"; };
		EA87E807135DFAC900B6B570 /* d_dac.c */ = {isa = PBXFileReference; fileEncoding = 4; lastKnownFileType = sourcecode.c.c; path = d_dac.c; sourceTree = "<group>"; };
		EA87E808135DFAC900B6B570 /* d_delay.c */ = {isa = PBXFileReference; fileEncoding = 4; lastKnownFileType = sourcecode.c.c; path = d_delay.c; sourceTree = "<group>"; };
		EA87E809135DFAC900B6B570 /* d_fft.c */ = {isa = PBXFileReference; fileEncoding = 4; lastKnownFileType = sourcecode.c.c; path = d_fft.c; sourceTree = "<group>"; };
		EA87E80A135DFAC900B6B570 /* d_fft_mayer.c */ = {isa = PBXFileReference; fileEncoding = 4; lastKnownFileType = sourcecode.c.c; path = d_fft_mayer.c; sourceTree = "<group>"; };
		EA87E80B135DFAC900B6B570 /* d_fftroutine.c */ = {isa = PBXFileReference; fileEncoding = 4; lastKnownFileType = sourcecode.c.c; path = d_fftroutine.c; sourceTree = "<group>"; };
		EA87E80C135DFAC900B6B570 /* d_filter.c */ = {isa = PBXFileReference; fileEncoding = 4; lastKnownFileType = sourcecode.c.c; path = d_filter.c; sourceTree = "<group>"; };
		EA87E80D135DFAC900B6B570 /* d_global.c */ = {isa = PBXFileReference; fileEncoding = 4; lastKnownFileType = sourcecode.c.c; path = d_global.c; sourceTree = "<group>"; };
		EA87E80E135DFAC900B6B570 /* d_math.c */ = {isa = PBXFileReference; fileEncoding = 4; lastKnownFileType = sourcecode.c.c; path = d_math.c; sourceTree = "<group>"; };
		EA87E80F135DFAC900B6B570 /* d_misc.c */ = {isa = PBXFileReference; fileEncoding = 4; lastKnownFileType = sourcecode.c.c; path = d_misc.c; sourceTree = "<group>"; };
		EA87E810135DFAC900B6B570 /* d_osc.c */ = {isa = PBXFileReference; fileEncoding = 4; lastKnownFileType = sourcecode.c.c; path = d_osc.c; sourceTree = "<group>"; };
		EA87E811135DFAC900B6B570 /* d_resample.c */ = {isa = PBXFileReference; fileEncoding = 4; lastKnownFileType = sourcecode.c.c; path = d_resample.c; sourceTree = "<group>"; };
		EA87E812135DFAC900B6B570 /* d_soundfile.c */ = {isa = PBXFileReference; fileEncoding = 4; lastKnownFileType = sourcecode.c.c; path = d_soundfile.c; sourceTree = "<group>"; };
		EA87E813135DFAC900B6B570 /* d_ugen.c */ = {isa = PBXFileReference; fileEncoding = 4; lastKnownFileType = sourcecode.c.c; path = d_ugen.c; sourceTree = "<group>"; };
		EA87E814135DFAC900B6B570 /* g_all_guis.c */ = {isa = PBXFileReference; fileEncoding = 4; lastKnownFileType = sourcecode.c.c; path = g_all_guis.c; sourceTree = "<group>"; };
		EA87E815135DFAC900B6B570 /* g_all_guis.h */ = {isa = PBXFileReference; fileEncoding = 4; lastKnownFileType = sourcecode.c.h; path = g_all_guis.h; sourceTree = "<group>"; };
		EA87E816135DFAC900B6B570 /* g_array.c */ = {isa = PBXFileReference; fileEncoding = 4; lastKnownFileType = sourcecode.c.c; path = g_array.c; sourceTree = "<group>"; };
		EA87E817135DFAC900B6B570 /* g_bang.c */ = {isa = PBXFileReference; fileEncoding = 4; lastKnownFileType = sourcecode.c.c; path = g_bang.c; sourceTree = "<group>"; };
		EA87E818135DFAC900B6B570 /* g_canvas.c */ = {isa = PBXFileReference; fileEncoding = 4; lastKnownFileType = sourcecode.c.c; path = g_canvas.c; sourceTree = "<group>"; };
		EA87E819135DFAC900B6B570 /* g_canvas.h */ = {isa = PBXFileReference; fileEncoding = 4; lastKnownFileType = sourcecode.c.h; path = g_canvas.h; sourceTree = "<group>"; };
		EA87E81A135DFAC900B6B570 /* g_editor.c */ = {isa = PBXFileReference; fileEncoding = 4; lastKnownFileType = sourcecode.c.c; path = g_editor.c; sourceTree = "<group>"; };
		EA87E81B135DFAC900B6B570 /* g_graph.c */ = {isa = PBXFileReference; fileEncoding = 4; lastKnownFileType = sourcecode.c.c; path = g_graph.c; sourceTree = "<group>"; };
		EA87E81C135DFAC900B6B570 /* g_guiconnect.c */ = {isa = PBXFileReference; fileEncoding = 4; lastKnownFileType = sourcecode.c.c; path = g_guiconnect.c; sourceTree = "<group>"; };
		EA87E81D135DFAC900B6B570 /* g_hdial.c */ = {isa = PBXFileReference; fileEncoding = 4; lastKnownFileType = sourcecode.c.c; path = g_hdial.c; sourceTree = "<group>"; };
		EA87E81E135DFAC900B6B570 /* g_hslider.c */ = {isa = PBXFileReference; fileEncoding = 4; lastKnownFileType = sourcecode.c.c; path = g_hslider.c; sourceTree = "<group>"; };
		EA87E81F135DFAC900B6B570 /* g_io.c */ = {isa = PBXFileReference; fileEncoding = 4; lastKnownFileType = sourcecode.c.c; path = g_io.c; sourceTree = "<group>"; };
		EA87E820135DFAC900B6B570 /* g_mycanvas.c */ = {isa = PBXFileReference; fileEncoding = 4; lastKnownFileType = sourcecode.c.c; path = g_mycanvas.c; sourceTree = "<group>"; };
		EA87E821135DFAC900B6B570 /* g_numbox.c */ = {isa = PBXFileReference; fileEncoding = 4; lastKnownFileType = sourcecode.c.c; path = g_numbox.c; sourceTree = "<group>"; };
		EA87E822135DFAC900B6B570 /* g_readwrite.c */ = {isa = PBXFileReference; fileEncoding = 4; lastKnownFileType = sourcecode.c.c; path = g_readwrite.c; sourceTree = "<group>"; };
		EA87E823135DFAC900B6B570 /* g_rtext.c */ = {isa = PBXFileReference; fileEncoding = 4; lastKnownFileType = sourcecode.c.c; path = g_rtext.c; sourceTree = "<group>"; };
		EA87E824135DFAC900B6B570 /* g_scalar.c */ = {isa = PBXFileReference; fileEncoding = 4; lastKnownFileType = sourcecode.c.c; path = g_scalar.c; sourceTree = "<group>"; };
		EA87E825135DFAC900B6B570 /* g_template.c */ = {isa = PBXFileReference; fileEncoding = 4; lastKnownFileType = sourcecode.c.c; path = g_template.c; sourceTree = "<group>"; };
		EA87E826135DFAC900B6B570 /* g_text.c */ = {isa = PBXFileReference; fileEncoding = 4; lastKnownFileType = sourcecode.c.c; path = g_text.c; sourceTree = "<group>"; };
		EA87E827135DFAC900B6B570 /* g_toggle.c */ = {isa = PBXFileReference; fileEncoding = 4; lastKnownFileType = sourcecode.c.c; path = g_toggle.c; sourceTree = "<group>"; };
		EA87E828135DFAC900B6B570 /* g_traversal.c */ = {isa = PBXFileReference; fileEncoding = 4; lastKnownFileType = sourcecode.c.c; path = g_traversal.c; sourceTree = "<group>"; };
		EA87E829135DFAC900B6B570 /* g_vdial.c */ = {isa = PBXFileReference; fileEncoding = 4; lastKnownFileType = sourcecode.c.c; path = g_vdial.c; sourceTree = "<group>"; };
		EA87E82A135DFAC900B6B570 /* g_vslider.c */ = {isa = PBXFileReference; fileEncoding = 4; lastKnownFileType = sourcecode.c.c; path = g_vslider.c; sourceTree = "<group>"; };
		EA87E82B135DFAC900B6B570 /* g_vumeter.c */ = {isa = PBXFileReference; fileEncoding = 4; lastKnownFileType = sourcecode.c.c; path = g_vumeter.c; sourceTree = "<group>"; };
		EA87E82C135DFAC900B6B570 /* m_atom.c */ = {isa = PBXFileReference; fileEncoding = 4; lastKnownFileType = sourcecode.c.c; path = m_atom.c; sourceTree = "<group>"; };
		EA87E82D135DFAC900B6B570 /* m_binbuf.c */ = {isa = PBXFileReference; fileEncoding = 4; lastKnownFileType = sourcecode.c.c; path = m_binbuf.c; sourceTree = "<group>"; };
		EA87E82E135DFAC900B6B570 /* m_class.c */ = {isa = PBXFileReference; fileEncoding = 4; lastKnownFileType = sourcecode.c.c; path = m_class.c; sourceTree = "<group>"; };
		EA87E82F135DFAC900B6B570 /* m_conf.c */ = {isa = PBXFileReference; fileEncoding = 4; lastKnownFileType = sourcecode.c.c; path = m_conf.c; sourceTree = "<group>"; };
		EA87E830135DFAC900B6B570 /* m_glob.c */ = {isa = PBXFileReference; fileEncoding = 4; lastKnownFileType = sourcecode.c.c; path = m_glob.c; sourceTree = "<group>"; };
		EA87E831135DFAC900B6B570 /* m_imp.h */ = {isa = PBXFileReference; fileEncoding = 4; lastKnownFileType = sourcecode.c.h; path = m_imp.h; sourceTree = "<group>"; };
		EA87E832135DFAC900B6B570 /* m_memory.c */ = {isa = PBXFileReference; fileEncoding = 4; lastKnownFileType = sourcecode.c.c; path = m_memory.c; sourceTree = "<group>"; };
		EA87E833135DFAC900B6B570 /* m_obj.c */ = {isa = PBXFileReference; fileEncoding = 4; lastKnownFileType = sourcecode.c.c; path = m_obj.c; sourceTree = "<group>"; };
		EA87E834135DFAC900B6B570 /* m_pd.c */ = {isa = PBXFileReference; fileEncoding = 4; lastKnownFileType = sourcecode.c.c; path = m_pd.c; sourceTree = "<group>"; };
		EA87E835135DFAC900B6B570 /* m_pd.h */ = {isa = PBXFileReference; fileEncoding = 4; lastKnownFileType = sourcecode.c.h; path = m_pd.h; sourceTree = "<group>"; };
		EA87E836135DFAC900B6B570 /* m_sched.c */ = {isa = PBXFileReference; fileEncoding = 4; lastKnownFileType = sourcecode.c.c; path = m_sched.c; sourceTree = "<group>"; };
		EA87E837135DFAC900B6B570 /* s_audio.c */ = {isa = PBXFileReference; fileEncoding = 4; lastKnownFileType = sourcecode.c.c; path = s_audio.c; sourceTree = "<group>"; };
		EA87E838135DFAC900B6B570 /* s_audio_dummy.c */ = {isa = PBXFileReference; fileEncoding = 4; lastKnownFileType = sourcecode.c.c; path = s_audio_dummy.c; sourceTree = "<group>"; };
		EA87E839135DFAC900B6B570 /* s_file.c */ = {isa = PBXFileReference; fileEncoding = 4; lastKnownFileType = sourcecode.c.c; path = s_file.c; sourceTree = "<group>"; };
		EA87E83A135DFAC900B6B570 /* s_inter.c */ = {isa = PBXFileReference; fileEncoding = 4; lastKnownFileType = sourcecode.c.c; path = s_inter.c; sourceTree = "<group>"; };
		EA87E83B135DFAC900B6B570 /* s_loader.c */ = {isa = PBXFileReference; fileEncoding = 4; lastKnownFileType = sourcecode.c.c; path = s_loader.c; sourceTree = "<group>"; };
		EA87E83C135DFAC900B6B570 /* s_main.c */ = {isa = PBXFileReference; fileEncoding = 4; lastKnownFileType = sourcecode.c.c; path = s_main.c; sourceTree = "<group>"; };
		EA87E83D135DFAC900B6B570 /* s_path.c */ = {isa = PBXFileReference; fileEncoding = 4; lastKnownFileType = sourcecode.c.c; path = s_path.c; sourceTree = "<group>"; };
		EA87E83E135DFAC900B6B570 /* s_print.c */ = {isa = PBXFileReference; fileEncoding = 4; lastKnownFileType = sourcecode.c.c; path = s_print.c; sourceTree = "<group>"; };
		EA87E83F135DFAC900B6B570 /* s_stuff.h */ = {isa = PBXFileReference; fileEncoding = 4; lastKnownFileType = sourcecode.c.h; path = s_stuff.h; sourceTree = "<group>"; };
		EA87E840135DFAC900B6B570 /* s_utf8.c */ = {isa = PBXFileReference; fileEncoding = 4; lastKnownFileType = sourcecode.c.c; path = s_utf8.c; sourceTree = "<group>"; };
		EA87E841135DFAC900B6B570 /* s_utf8.h */ = {isa = PBXFileReference; fileEncoding = 4; lastKnownFileType = sourcecode.c.h; path = s_utf8.h; sourceTree = "<group>"; };
		EA87E842135DFAC900B6B570 /* x_acoustics.c */ = {isa = PBXFileReference; fileEncoding = 4; lastKnownFileType = sourcecode.c.c; path = x_acoustics.c; sourceTree = "<group>"; };
		EA87E843135DFAC900B6B570 /* x_arithmetic.c */ = {isa = PBXFileReference; fileEncoding = 4; lastKnownFileType = sourcecode.c.c; path = x_arithmetic.c; sourceTree = "<group>"; };
		EA87E844135DFAC900B6B570 /* x_connective.c */ = {isa = PBXFileReference; fileEncoding = 4; lastKnownFileType = sourcecode.c.c; path = x_connective.c; sourceTree = "<group>"; };
		EA87E845135DFAC900B6B570 /* x_gui.c */ = {isa = PBXFileReference; fileEncoding = 4; lastKnownFileType = sourcecode.c.c; path = x_gui.c; sourceTree = "<group>"; };
		EA87E846135DFAC900B6B570 /* x_interface.c */ = {isa = PBXFileReference; fileEncoding = 4; lastKnownFileType = sourcecode.c.c; path = x_interface.c; sourceTree = "<group>"; };
		EA87E847135DFAC900B6B570 /* x_list.c */ = {isa = PBXFileReference; fileEncoding = 4; lastKnownFileType = sourcecode.c.c; path = x_list.c; sourceTree = "<group>"; };
		EA87E848135DFAC900B6B570 /* x_midi.c */ = {isa = PBXFileReference; fileEncoding = 4; lastKnownFileType = sourcecode.c.c; path = x_midi.c; sourceTree = "<group>"; };
		EA87E849135DFAC900B6B570 /* x_misc.c */ = {isa = PBXFileReference; fileEncoding = 4; lastKnownFileType = sourcecode.c.c; path = x_misc.c; sourceTree = "<group>"; };
		EA87E84A135DFAC900B6B570 /* x_net.c */ = {isa = PBXFileReference; fileEncoding = 4; lastKnownFileType = sourcecode.c.c; path = x_net.c; sourceTree = "<group>"; };
		EA87E84B135DFAC900B6B570 /* x_qlist.c */ = {isa = PBXFileReference; fileEncoding = 4; lastKnownFileType = sourcecode.c.c; path = x_qlist.c; sourceTree = "<group>"; };
		EA87E84C135DFAC900B6B570 /* x_time.c */ = {isa = PBXFileReference; fileEncoding = 4; lastKnownFileType = sourcecode.c.c; path = x_time.c; sourceTree = "<group>"; };
		EA9BC71012A9252800EDA5CA /* AU_Resources.r */ = {isa = PBXFileReference; fileEncoding = 4; lastKnownFileType = sourcecode.rez; path = AU_Resources.r; sourceTree = "<group>"; };
		EAA54D75129466CA0025E7BC /* Pandemonium Instrument.component */ = {isa = PBXFileReference; explicitFileType = wrapper.cfbundle; includeInIndex = 0; path = "Pandemonium Instrument.component"; sourceTree = BUILT_PRODUCTS_DIR; };
		EAA54DB112946D6D0025E7BC /* AUInstrumentBase.cpp */ = {isa = PBXFileReference; fileEncoding = 4; lastKnownFileType = sourcecode.cpp.cpp; name = AUInstrumentBase.cpp; path = Extras/CoreAudio/AudioUnits/AUPublic/AUInstrumentBase/AUInstrumentBase.cpp; sourceTree = DEVELOPER_DIR; };
		EAA54DB212946D6D0025E7BC /* AUInstrumentBase.h */ = {isa = PBXFileReference; fileEncoding = 4; lastKnownFileType = sourcecode.c.h; name = AUInstrumentBase.h; path = Extras/CoreAudio/AudioUnits/AUPublic/AUInstrumentBase/AUInstrumentBase.h; sourceTree = DEVELOPER_DIR; };
		EAA54DB312946D6D0025E7BC /* SynthElement.cpp */ = {isa = PBXFileReference; fileEncoding = 4; lastKnownFileType = sourcecode.cpp.cpp; name = SynthElement.cpp; path = Extras/CoreAudio/AudioUnits/AUPublic/AUInstrumentBase/SynthElement.cpp; sourceTree = DEVELOPER_DIR; };
		EAA54DB412946D6D0025E7BC /* SynthElement.h */ = {isa = PBXFileReference; fileEncoding = 4; lastKnownFileType = sourcecode.c.h; name = SynthElement.h; path = Extras/CoreAudio/AudioUnits/AUPublic/AUInstrumentBase/SynthElement.h; sourceTree = DEVELOPER_DIR; };
		EAA54DB512946D6D0025E7BC /* SynthEvent.h */ = {isa = PBXFileReference; fileEncoding = 4; lastKnownFileType = sourcecode.c.h; name = SynthEvent.h; path = Extras/CoreAudio/AudioUnits/AUPublic/AUInstrumentBase/SynthEvent.h; sourceTree = DEVELOPER_DIR; };
		EAA54DB612946D6D0025E7BC /* SynthNote.cpp */ = {isa = PBXFileReference; fileEncoding = 4; lastKnownFileType = sourcecode.cpp.cpp; name = SynthNote.cpp; path = Extras/CoreAudio/AudioUnits/AUPublic/AUInstrumentBase/SynthNote.cpp; sourceTree = DEVELOPER_DIR; };
		EAA54DB712946D6D0025E7BC /* SynthNote.h */ = {isa = PBXFileReference; fileEncoding = 4; lastKnownFileType = sourcecode.c.h; name = SynthNote.h; path = Extras/CoreAudio/AudioUnits/AUPublic/AUInstrumentBase/SynthNote.h; sourceTree = DEVELOPER_DIR; };
		EAA54DB812946D6D0025E7BC /* SynthNoteList.cpp */ = {isa = PBXFileReference; fileEncoding = 4; lastKnownFileType = sourcecode.cpp.cpp; name = SynthNoteList.cpp; path = Extras/CoreAudio/AudioUnits/AUPublic/AUInstrumentBase/SynthNoteList.cpp; sourceTree = DEVELOPER_DIR; };
		EAA54DB912946D6D0025E7BC /* SynthNoteList.h */ = {isa = PBXFileReference; fileEncoding = 4; lastKnownFileType = sourcecode.c.h; name = SynthNoteList.h; path = Extras/CoreAudio/AudioUnits/AUPublic/AUInstrumentBase/SynthNoteList.h; sourceTree = DEVELOPER_DIR; };
		EAA54DBA12946D6D0025E7BC /* LockFreeFIFO.h */ = {isa = PBXFileReference; fileEncoding = 4; lastKnownFileType = sourcecode.c.h; name = LockFreeFIFO.h; path = Extras/CoreAudio/AudioUnits/AUPublic/AUInstrumentBase/LockFreeFIFO.h; sourceTree = DEVELOPER_DIR; };
		EAA54DD3129471070025E7BC /* AUMIDIBase.cpp */ = {isa = PBXFileReference; fileEncoding = 4; lastKnownFileType = sourcecode.cpp.cpp; name = AUMIDIBase.cpp; path = Extras/CoreAudio/AudioUnits/AUPublic/OtherBases/AUMIDIBase.cpp; sourceTree = DEVELOPER_DIR; };
		EAA54DD4129471070025E7BC /* AUMIDIBase.h */ = {isa = PBXFileReference; fileEncoding = 4; lastKnownFileType = sourcecode.c.h; name = AUMIDIBase.h; path = Extras/CoreAudio/AudioUnits/AUPublic/OtherBases/AUMIDIBase.h; sourceTree = DEVELOPER_DIR; };
		EAA54DD5129471070025E7BC /* MusicDeviceBase.cpp */ = {isa = PBXFileReference; fileEncoding = 4; lastKnownFileType = sourcecode.cpp.cpp; name = MusicDeviceBase.cpp; path = Extras/CoreAudio/AudioUnits/AUPublic/OtherBases/MusicDeviceBase.cpp; sourceTree = DEVELOPER_DIR; };
		EAA54DD6129471070025E7BC /* MusicDeviceBase.h */ = {isa = PBXFileReference; fileEncoding = 4; lastKnownFileType = sourcecode.c.h; name = MusicDeviceBase.h; path = Extras/CoreAudio/AudioUnits/AUPublic/OtherBases/MusicDeviceBase.h; sourceTree = DEVELOPER_DIR; };
		EAD06C0512919B2F00971CC9 /* ofxAudioUnit.exp */ = {isa = PBXFileReference; fileEncoding = 4; lastKnownFileType = sourcecode.exports; path = ofxAudioUnit.exp; sourceTree = "<group>"; };
		EAD06C551291F9C700971CC9 /* Cocoa.framework */ = {isa = PBXFileReference; lastKnownFileType = wrapper.framework; name = Cocoa.framework; path = System/Library/Frameworks/Cocoa.framework; sourceTree = SDKROOT; };
		EAD06C5F1291F9DB00971CC9 /* ofxDirList.cpp */ = {isa = PBXFileReference; fileEncoding = 4; lastKnownFileType = sourcecode.cpp.cpp; path = ofxDirList.cpp; sourceTree = "<group>"; };
		EAD06C601291F9DB00971CC9 /* ofxDirList.h */ = {isa = PBXFileReference; fileEncoding = 4; lastKnownFileType = sourcecode.c.h; path = ofxDirList.h; sourceTree = "<group>"; };
		EAD06C631291F9DB00971CC9 /* ofxFileUtils.h */ = {isa = PBXFileReference; fileEncoding = 4; lastKnownFileType = sourcecode.c.h; path = ofxFileUtils.h; sourceTree = "<group>"; };
		EAD06C641291F9DB00971CC9 /* ofxFileUtils.mm */ = {isa = PBXFileReference; fileEncoding = 4; lastKnownFileType = sourcecode.cpp.objcpp; path = ofxFileUtils.mm; sourceTree = "<group>"; };
		EAD06DEB1292003700971CC9 /* ofxAudioPluginWrapper.h */ = {isa = PBXFileReference; fileEncoding = 4; lastKnownFileType = sourcecode.c.h; path = ofxAudioPluginWrapper.h; sourceTree = "<group>"; };
		EAD06EA712940B8900971CC9 /* ofxAudioPluginWrapper.cpp */ = {isa = PBXFileReference; fileEncoding = 4; lastKnownFileType = sourcecode.cpp.cpp; path = ofxAudioPluginWrapper.cpp; sourceTree = "<group>"; };
		EAD1F26412918BD20017A281 /* ofxAudioPlugin.h */ = {isa = PBXFileReference; fileEncoding = 4; lastKnownFileType = sourcecode.c.h; path = ofxAudioPlugin.h; sourceTree = "<group>"; };
		EAD1F26B12918BD20017A281 /* ofxAudioUnit.cpp */ = {isa = PBXFileReference; fileEncoding = 4; lastKnownFileType = sourcecode.cpp.cpp; path = ofxAudioUnit.cpp; sourceTree = "<group>"; };
		F7C347EE0ECE5AF8008ADFB6 /* AUBaseHelper.cpp */ = {isa = PBXFileReference; fileEncoding = 4; lastKnownFileType = sourcecode.cpp.cpp; name = AUBaseHelper.cpp; path = Extras/CoreAudio/AudioUnits/AUPublic/Utility/AUBaseHelper.cpp; sourceTree = SYSTEM_DEVELOPER_DIR; };
		F7C347EF0ECE5AF8008ADFB6 /* AUBaseHelper.h */ = {isa = PBXFileReference; fileEncoding = 4; lastKnownFileType = sourcecode.c.h; name = AUBaseHelper.h; path = Extras/CoreAudio/AudioUnits/AUPublic/Utility/AUBaseHelper.h; sourceTree = SYSTEM_DEVELOPER_DIR; };
/* End PBXFileReference section */

/* Begin PBXFrameworksBuildPhase section */
		8D01CCCD0486CAD60068D4B7 /* Frameworks */ = {
			isa = PBXFrameworksBuildPhase;
			buildActionMask = 2147483647;
			files = (
				8BA05AFC072074E100365D66 /* AudioToolbox.framework in Frameworks */,
				8BA05AFD072074E100365D66 /* AudioUnit.framework in Frameworks */,
				8BA05B02072074F900365D66 /* CoreServices.framework in Frameworks */,
				EAD06C561291F9C700971CC9 /* Cocoa.framework in Frameworks */,
				EA8BD9B112A91C61000D847D /* CoreAudio.framework in Frameworks */,
			);
			runOnlyForDeploymentPostprocessing = 0;
		};
		EAA54D69129466CA0025E7BC /* Frameworks */ = {
			isa = PBXFrameworksBuildPhase;
			buildActionMask = 2147483647;
			files = (
				EAA54D6A129466CA0025E7BC /* AudioToolbox.framework in Frameworks */,
				EAA54D6B129466CA0025E7BC /* AudioUnit.framework in Frameworks */,
				EAA54D6C129466CA0025E7BC /* CoreServices.framework in Frameworks */,
				EAA54D6D129466CA0025E7BC /* Cocoa.framework in Frameworks */,
			);
			runOnlyForDeploymentPostprocessing = 0;
		};
/* End PBXFrameworksBuildPhase section */

/* Begin PBXGroup section */
		089C166AFE841209C02AAC07 /* Pandemonium */ = {
			isa = PBXGroup;
			children = (
				08FB77ADFE841716C02AAC07 /* Source */,
				089C167CFE841241C02AAC07 /* Resources */,
				089C1671FE841209C02AAC07 /* External Frameworks and Libraries */,
				19C28FB4FE9D528D11CA2CBB /* Products */,
			);
			name = Pandemonium;
			sourceTree = "<group>";
		};
		089C1671FE841209C02AAC07 /* External Frameworks and Libraries */ = {
			isa = PBXGroup;
			children = (
				8B5C7FBF076FB2C200A15F61 /* CoreAudio.framework */,
				8BA05B01072074F900365D66 /* CoreServices.framework */,
				8BA05AF9072074E100365D66 /* AudioToolbox.framework */,
				8BA05AFA072074E100365D66 /* AudioUnit.framework */,
				EAD06C551291F9C700971CC9 /* Cocoa.framework */,
			);
			name = "External Frameworks and Libraries";
			sourceTree = "<group>";
		};
		089C167CFE841241C02AAC07 /* Resources */ = {
			isa = PBXGroup;
			children = (
				8D01CCD10486CAD60068D4B7 /* Info.plist */,
				089C167DFE841241C02AAC07 /* InfoPlist.strings */,
			);
			name = Resources;
			sourceTree = "<group>";
		};
		08FB77ADFE841716C02AAC07 /* Source */ = {
			isa = PBXGroup;
			children = (
				EA410DBE12A914D0007E3440 /* src */,
				EAD06C6E1291F9E800971CC9 /* addons */,
				EA5D9A10129188A200D2C79F /* Apple */,
			);
			name = Source;
			sourceTree = "<group>";
		};
		19C28FB4FE9D528D11CA2CBB /* Products */ = {
			isa = PBXGroup;
			children = (
				8D01CCD20486CAD60068D4B7 /* Pandemonium.component */,
				EAA54D75129466CA0025E7BC /* Pandemonium Instrument.component */,
			);
			name = Products;
			sourceTree = "<group>";
		};
		8BA05A7D072073D200365D66 /* AUPublic */ = {
			isa = PBXGroup;
			children = (
				8BA05A7E072073D200365D66 /* AUBase */,
				8BA05A99072073D200365D66 /* OtherBases */,
				8BA05AA6072073D200365D66 /* Utility */,
			);
			name = AUPublic;
			path = Extras/CoreAudio/AudioUnits/AUPublic;
			sourceTree = DEVELOPER_DIR;
		};
		8BA05A7E072073D200365D66 /* AUBase */ = {
			isa = PBXGroup;
			children = (
				8BA05A7F072073D200365D66 /* AUBase.cpp */,
				8BA05A80072073D200365D66 /* AUBase.h */,
				8BA05A81072073D200365D66 /* AUDispatch.cpp */,
				8BA05A82072073D200365D66 /* AUDispatch.h */,
				8BA05A83072073D200365D66 /* AUInputElement.cpp */,
				8BA05A84072073D200365D66 /* AUInputElement.h */,
				8BA05A85072073D200365D66 /* AUOutputElement.cpp */,
				8BA05A86072073D200365D66 /* AUOutputElement.h */,
				8BA05A87072073D200365D66 /* AUResources.r */,
				8BA05A88072073D200365D66 /* AUScopeElement.cpp */,
				8BA05A89072073D200365D66 /* AUScopeElement.h */,
				8BA05A8A072073D200365D66 /* ComponentBase.cpp */,
				8BA05A8B072073D200365D66 /* ComponentBase.h */,
			);
			path = AUBase;
			sourceTree = "<group>";
		};
		8BA05A99072073D200365D66 /* OtherBases */ = {
			isa = PBXGroup;
			children = (
				8BA05A9A072073D200365D66 /* AUEffectBase.cpp */,
				8BA05A9B072073D200365D66 /* AUEffectBase.h */,
			);
			path = OtherBases;
			sourceTree = "<group>";
		};
		8BA05AA6072073D200365D66 /* Utility */ = {
			isa = PBXGroup;
			children = (
				F7C347EE0ECE5AF8008ADFB6 /* AUBaseHelper.cpp */,
				F7C347EF0ECE5AF8008ADFB6 /* AUBaseHelper.h */,
				8BA05AA7072073D200365D66 /* AUBuffer.cpp */,
				8BA05AA8072073D200365D66 /* AUBuffer.h */,
				8BA05AA9072073D200365D66 /* AUDebugDispatcher.cpp */,
				8BA05AAA072073D200365D66 /* AUDebugDispatcher.h */,
				8BA05AAB072073D200365D66 /* AUInputFormatConverter.h */,
				8BA05AAC072073D200365D66 /* AUSilentTimeout.h */,
				8BA05AAD072073D200365D66 /* AUTimestampGenerator.h */,
			);
			path = Utility;
			sourceTree = "<group>";
		};
		8BA05AEB0720742700365D66 /* PublicUtility */ = {
			isa = PBXGroup;
			children = (
				8BA05B050720754400365D66 /* CAAUParameter.cpp */,
				8BA05B060720754400365D66 /* CAAUParameter.h */,
				8BA05ADF0720742100365D66 /* CAAudioChannelLayout.cpp */,
				8BA05AE00720742100365D66 /* CAAudioChannelLayout.h */,
				8BA05AE10720742100365D66 /* CAMutex.cpp */,
				8BA05AE20720742100365D66 /* CAMutex.h */,
				8BA05AE30720742100365D66 /* CAStreamBasicDescription.cpp */,
				8BA05AE40720742100365D66 /* CAStreamBasicDescription.h */,
				3EEA126D089847F5002C6BFC /* CAVectorUnitTypes.h */,
				3EEA126B089847F5002C6BFC /* CAVectorUnit.cpp */,
				3EEA126C089847F5002C6BFC /* CAVectorUnit.h */,
			);
			name = PublicUtility;
			path = Extras/CoreAudio/PublicUtility;
			sourceTree = DEVELOPER_DIR;
		};
		EA08926A12AAA494008DD2C9 /* VST */ = {
			isa = PBXGroup;
			children = (
			);
			path = VST;
			sourceTree = "<group>";
		};
		EA410DBE12A914D0007E3440 /* src */ = {
			isa = PBXGroup;
			children = (
				EA0842AC12BD34430018E285 /* Logger.cpp */,
				EA410DBF12A914D0007E3440 /* Logger.h */,
				EA410DC012A914D0007E3440 /* plugin */,
			);
			name = src;
			path = ../src;
			sourceTree = SOURCE_ROOT;
		};
		EA410DC012A914D0007E3440 /* plugin */ = {
			isa = PBXGroup;
			children = (
				EA410DC112A914D0007E3440 /* ofxAudioPluginConfig.h */,
				EA410DCB12A914D0007E3440 /* Pandemonium.cpp */,
				EA410DCC12A914D0007E3440 /* Pandemonium.h */,
				EA410DCD12A914D0007E3440 /* PdPluginParameters.h */,
				EA410DD012A914D0007E3440 /* ZGAUUtils.cpp */,
				EA410DD112A914D0007E3440 /* ZGAUUtils.h */,
				EA410DD212A914D0007E3440 /* ZGPlugin.h */,
			);
			path = plugin;
			sourceTree = "<group>";
		};
		EA5D9A10129188A200D2C79F /* Apple */ = {
			isa = PBXGroup;
			children = (
				EAA54DD2129471070025E7BC /* OtherBases */,
				EAA54DB012946D6D0025E7BC /* AUInstrumentBase */,
				8BA05AEB0720742700365D66 /* PublicUtility */,
				8BA05A7D072073D200365D66 /* AUPublic */,
			);
			name = Apple;
			sourceTree = "<group>";
		};
		EA87E7D9135DFAC900B6B570 /* libpd_wrapper */ = {
			isa = PBXGroup;
			children = (
				EA87E7DA135DFAC900B6B570 /* s_libpdmidi.c */,
				EA87E7DB135DFAC900B6B570 /* x_libpdreceive.c */,
				EA87E7DC135DFAC900B6B570 /* x_libpdreceive.h */,
				EA87E7DF135DFAC900B6B570 /* z_libpd.c */,
				EA87E7E0135DFAC900B6B570 /* z_libpd.h */,
			);
			name = libpd_wrapper;
			path = ../libpd/libpd_wrapper;
			sourceTree = "<group>";
		};
		EA87E7E1135DFAC900B6B570 /* pure-data */ = {
			isa = PBXGroup;
			children = (
				EA87E803135DFAC900B6B570 /* src */,
			);
			name = "pure-data";
			path = "../libpd/pure-data";
			sourceTree = "<group>";
		};
		EA87E803135DFAC900B6B570 /* src */ = {
			isa = PBXGroup;
			children = (
				EA87E804135DFAC900B6B570 /* d_arithmetic.c */,
				EA87E805135DFAC900B6B570 /* d_array.c */,
				EA87E806135DFAC900B6B570 /* d_ctl.c */,
				EA87E807135DFAC900B6B570 /* d_dac.c */,
				EA87E808135DFAC900B6B570 /* d_delay.c */,
				EA87E809135DFAC900B6B570 /* d_fft.c */,
				EA87E80A135DFAC900B6B570 /* d_fft_mayer.c */,
				EA87E80B135DFAC900B6B570 /* d_fftroutine.c */,
				EA87E80C135DFAC900B6B570 /* d_filter.c */,
				EA87E80D135DFAC900B6B570 /* d_global.c */,
				EA87E80E135DFAC900B6B570 /* d_math.c */,
				EA87E80F135DFAC900B6B570 /* d_misc.c */,
				EA87E810135DFAC900B6B570 /* d_osc.c */,
				EA87E811135DFAC900B6B570 /* d_resample.c */,
				EA87E812135DFAC900B6B570 /* d_soundfile.c */,
				EA87E813135DFAC900B6B570 /* d_ugen.c */,
				EA87E814135DFAC900B6B570 /* g_all_guis.c */,
				EA87E815135DFAC900B6B570 /* g_all_guis.h */,
				EA87E816135DFAC900B6B570 /* g_array.c */,
				EA87E817135DFAC900B6B570 /* g_bang.c */,
				EA87E818135DFAC900B6B570 /* g_canvas.c */,
				EA87E819135DFAC900B6B570 /* g_canvas.h */,
				EA87E81A135DFAC900B6B570 /* g_editor.c */,
				EA87E81B135DFAC900B6B570 /* g_graph.c */,
				EA87E81C135DFAC900B6B570 /* g_guiconnect.c */,
				EA87E81D135DFAC900B6B570 /* g_hdial.c */,
				EA87E81E135DFAC900B6B570 /* g_hslider.c */,
				EA87E81F135DFAC900B6B570 /* g_io.c */,
				EA87E820135DFAC900B6B570 /* g_mycanvas.c */,
				EA87E821135DFAC900B6B570 /* g_numbox.c */,
				EA87E822135DFAC900B6B570 /* g_readwrite.c */,
				EA87E823135DFAC900B6B570 /* g_rtext.c */,
				EA87E824135DFAC900B6B570 /* g_scalar.c */,
				EA87E825135DFAC900B6B570 /* g_template.c */,
				EA87E826135DFAC900B6B570 /* g_text.c */,
				EA87E827135DFAC900B6B570 /* g_toggle.c */,
				EA87E828135DFAC900B6B570 /* g_traversal.c */,
				EA87E829135DFAC900B6B570 /* g_vdial.c */,
				EA87E82A135DFAC900B6B570 /* g_vslider.c */,
				EA87E82B135DFAC900B6B570 /* g_vumeter.c */,
				EA87E82C135DFAC900B6B570 /* m_atom.c */,
				EA87E82D135DFAC900B6B570 /* m_binbuf.c */,
				EA87E82E135DFAC900B6B570 /* m_class.c */,
				EA87E82F135DFAC900B6B570 /* m_conf.c */,
				EA87E830135DFAC900B6B570 /* m_glob.c */,
				EA87E831135DFAC900B6B570 /* m_imp.h */,
				EA87E832135DFAC900B6B570 /* m_memory.c */,
				EA87E833135DFAC900B6B570 /* m_obj.c */,
				EA87E834135DFAC900B6B570 /* m_pd.c */,
				EA87E835135DFAC900B6B570 /* m_pd.h */,
				EA87E836135DFAC900B6B570 /* m_sched.c */,
				EA87E837135DFAC900B6B570 /* s_audio.c */,
				EA87E838135DFAC900B6B570 /* s_audio_dummy.c */,
				EA87E839135DFAC900B6B570 /* s_file.c */,
				EA87E83A135DFAC900B6B570 /* s_inter.c */,
				EA87E83B135DFAC900B6B570 /* s_loader.c */,
				EA87E83C135DFAC900B6B570 /* s_main.c */,
				EA87E83D135DFAC900B6B570 /* s_path.c */,
				EA87E83E135DFAC900B6B570 /* s_print.c */,
				EA87E83F135DFAC900B6B570 /* s_stuff.h */,
				EA87E840135DFAC900B6B570 /* s_utf8.c */,
				EA87E841135DFAC900B6B570 /* s_utf8.h */,
				EA87E842135DFAC900B6B570 /* x_acoustics.c */,
				EA87E843135DFAC900B6B570 /* x_arithmetic.c */,
				EA87E844135DFAC900B6B570 /* x_connective.c */,
				EA87E845135DFAC900B6B570 /* x_gui.c */,
				EA87E846135DFAC900B6B570 /* x_interface.c */,
				EA87E847135DFAC900B6B570 /* x_list.c */,
				EA87E848135DFAC900B6B570 /* x_midi.c */,
				EA87E849135DFAC900B6B570 /* x_misc.c */,
				EA87E84A135DFAC900B6B570 /* x_net.c */,
				EA87E84B135DFAC900B6B570 /* x_qlist.c */,
				EA87E84C135DFAC900B6B570 /* x_time.c */,
			);
			path = src;
			sourceTree = "<group>";
		};
		EAA54DB012946D6D0025E7BC /* AUInstrumentBase */ = {
			isa = PBXGroup;
			children = (
				EAA54DB112946D6D0025E7BC /* AUInstrumentBase.cpp */,
				EAA54DB212946D6D0025E7BC /* AUInstrumentBase.h */,
				EAA54DB312946D6D0025E7BC /* SynthElement.cpp */,
				EAA54DB412946D6D0025E7BC /* SynthElement.h */,
				EAA54DB512946D6D0025E7BC /* SynthEvent.h */,
				EAA54DB612946D6D0025E7BC /* SynthNote.cpp */,
				EAA54DB712946D6D0025E7BC /* SynthNote.h */,
				EAA54DB812946D6D0025E7BC /* SynthNoteList.cpp */,
				EAA54DB912946D6D0025E7BC /* SynthNoteList.h */,
				EAA54DBA12946D6D0025E7BC /* LockFreeFIFO.h */,
			);
			name = AUInstrumentBase;
			path = Extras/CoreAudio/AudioUnits/AUPublic/AUInstrumentBase;
			sourceTree = DEVELOPER_DIR;
		};
		EAA54DD2129471070025E7BC /* OtherBases */ = {
			isa = PBXGroup;
			children = (
				EAA54DD3129471070025E7BC /* AUMIDIBase.cpp */,
				EAA54DD4129471070025E7BC /* AUMIDIBase.h */,
				EAA54DD5129471070025E7BC /* MusicDeviceBase.cpp */,
				EAA54DD6129471070025E7BC /* MusicDeviceBase.h */,
			);
			name = OtherBases;
			path = Extras/CoreAudio/AudioUnits/AUPublic/OtherBases;
			sourceTree = DEVELOPER_DIR;
		};
		EAD06C5E1291F9DB00971CC9 /* ofxDirList */ = {
			isa = PBXGroup;
			children = (
				EAD06C5F1291F9DB00971CC9 /* ofxDirList.cpp */,
				EAD06C601291F9DB00971CC9 /* ofxDirList.h */,
			);
			name = ofxDirList;
			path = ../lib/ofxDirList;
			sourceTree = SOURCE_ROOT;
		};
		EAD06C611291F9DB00971CC9 /* ofxFileUtils */ = {
			isa = PBXGroup;
			children = (
				EAD06C621291F9DB00971CC9 /* src */,
			);
			name = ofxFileUtils;
			path = ../lib/ofxFileUtils;
			sourceTree = SOURCE_ROOT;
		};
		EAD06C621291F9DB00971CC9 /* src */ = {
			isa = PBXGroup;
			children = (
				EAD06C631291F9DB00971CC9 /* ofxFileUtils.h */,
				EAD06C641291F9DB00971CC9 /* ofxFileUtils.mm */,
			);
			path = src;
			sourceTree = "<group>";
		};
		EAD06C651291F9DB00971CC9 /* ofxPd */ = {
			isa = PBXGroup;
			children = (
				EA87E7D9135DFAC900B6B570 /* libpd_wrapper */,
				EA87E7E1135DFAC900B6B570 /* pure-data */,
				EA87E66C135DFA7D00B6B570 /* ofxPd.cpp */,
				EA87E66D135DFA7D00B6B570 /* ofxPd.h */,
			);
			name = ofxPd;
			path = ../lib/ofxPd;
			sourceTree = SOURCE_ROOT;
		};
		EAD06C6E1291F9E800971CC9 /* addons */ = {
			isa = PBXGroup;
			children = (
				EAD06C5E1291F9DB00971CC9 /* ofxDirList */,
				EAD06C611291F9DB00971CC9 /* ofxFileUtils */,
				EAD06C651291F9DB00971CC9 /* ofxPd */,
				EAD1F26312918BD20017A281 /* ofxAudioPlugin */,
			);
			name = addons;
			sourceTree = "<group>";
		};
		EAD1F26312918BD20017A281 /* ofxAudioPlugin */ = {
			isa = PBXGroup;
			children = (
				EAD1F26412918BD20017A281 /* ofxAudioPlugin.h */,
				EAD06DEB1292003700971CC9 /* ofxAudioPluginWrapper.h */,
				EAD06EA712940B8900971CC9 /* ofxAudioPluginWrapper.cpp */,
				EAD1F26612918BD20017A281 /* wrappers */,
			);
			name = ofxAudioPlugin;
			path = ../lib/ofxAudioPlugin;
			sourceTree = SOURCE_ROOT;
		};
		EAD1F26612918BD20017A281 /* wrappers */ = {
			isa = PBXGroup;
			children = (
				EA08926A12AAA494008DD2C9 /* VST */,
				EAD1F26712918BD20017A281 /* AU */,
			);
			path = wrappers;
			sourceTree = "<group>";
		};
		EAD1F26712918BD20017A281 /* AU */ = {
			isa = PBXGroup;
			children = (
				EA9BC71012A9252800EDA5CA /* AU_Resources.r */,
				EAD06C0512919B2F00971CC9 /* ofxAudioUnit.exp */,
				EAD1F26B12918BD20017A281 /* ofxAudioUnit.cpp */,
			);
			path = AU;
			sourceTree = "<group>";
		};
/* End PBXGroup section */

/* Begin PBXHeadersBuildPhase section */
		8D01CCC70486CAD60068D4B7 /* Headers */ = {
			isa = PBXHeadersBuildPhase;
			buildActionMask = 2147483647;
			files = (
				8BA05AAF072073D300365D66 /* AUBase.h in Headers */,
				8BA05AB1072073D300365D66 /* AUDispatch.h in Headers */,
				8BA05AB3072073D300365D66 /* AUInputElement.h in Headers */,
				8BA05AB5072073D300365D66 /* AUOutputElement.h in Headers */,
				8BA05AB8072073D300365D66 /* AUScopeElement.h in Headers */,
				8BA05ABA072073D300365D66 /* ComponentBase.h in Headers */,
				8BA05AC7072073D300365D66 /* AUEffectBase.h in Headers */,
				8BA05AD3072073D300365D66 /* AUBuffer.h in Headers */,
				8BA05AD5072073D300365D66 /* AUDebugDispatcher.h in Headers */,
				8BA05AD6072073D300365D66 /* AUInputFormatConverter.h in Headers */,
				8BA05AD7072073D300365D66 /* AUSilentTimeout.h in Headers */,
				8BA05AD8072073D300365D66 /* AUTimestampGenerator.h in Headers */,
				8BA05AE60720742100365D66 /* CAAudioChannelLayout.h in Headers */,
				8BA05AE80720742100365D66 /* CAMutex.h in Headers */,
				8BA05AEA0720742100365D66 /* CAStreamBasicDescription.h in Headers */,
				8BA05B080720754400365D66 /* CAAUParameter.h in Headers */,
				3EEA126F089847F5002C6BFC /* CAVectorUnit.h in Headers */,
				3EEA1270089847F5002C6BFC /* CAVectorUnitTypes.h in Headers */,
				F7C347F10ECE5AF8008ADFB6 /* AUBaseHelper.h in Headers */,
				EAD1F26C12918BD20017A281 /* ofxAudioPlugin.h in Headers */,
				EAD06C691291F9DB00971CC9 /* ofxDirList.h in Headers */,
				EAD06C6A1291F9DB00971CC9 /* ofxFileUtils.h in Headers */,
				EAD06DEC1292003700971CC9 /* ofxAudioPluginWrapper.h in Headers */,
				EAF05DB012A918D800A75A3B /* MusicDeviceBase.h in Headers */,
				EAF05DB212A918D900A75A3B /* AUMIDIBase.h in Headers */,
				EA8BD95512A91A3F000D847D /* ofxAudioPluginConfig.h in Headers */,
				EA8BD95612A91A45000D847D /* ZGPlugin.h in Headers */,
				EA8BD95712A91A46000D847D /* ZGAUUtils.h in Headers */,
				EA8BD95B12A91A49000D847D /* PdPluginParameters.h in Headers */,
				EA8BD95C12A91A49000D847D /* Pandemonium.h in Headers */,
				EA8BD95D12A91A4A000D847D /* Logger.h in Headers */,
				EA87E670135DFA7D00B6B570 /* ofxPd.h in Headers */,
				EA87E84F135DFAC900B6B570 /* x_libpdreceive.h in Headers */,
				EA87E853135DFAC900B6B570 /* z_libpd.h in Headers */,
				EA87E882135DFAC900B6B570 /* g_all_guis.h in Headers */,
				EA87E886135DFAC900B6B570 /* g_canvas.h in Headers */,
				EA87E89E135DFAC900B6B570 /* m_imp.h in Headers */,
				EA87E8A2135DFAC900B6B570 /* m_pd.h in Headers */,
				EA87E8AC135DFAC900B6B570 /* s_stuff.h in Headers */,
				EA87E8AE135DFAC900B6B570 /* s_utf8.h in Headers */,
			);
			runOnlyForDeploymentPostprocessing = 0;
		};
		EAA54CDC129466CA0025E7BC /* Headers */ = {
			isa = PBXHeadersBuildPhase;
			buildActionMask = 2147483647;
			files = (
				EAA54CDD129466CA0025E7BC /* AUBase.h in Headers */,
				EAA54CDE129466CA0025E7BC /* AUDispatch.h in Headers */,
				EAA54CDF129466CA0025E7BC /* AUInputElement.h in Headers */,
				EAA54CE0129466CA0025E7BC /* AUOutputElement.h in Headers */,
				EAA54CE1129466CA0025E7BC /* AUScopeElement.h in Headers */,
				EAA54CE2129466CA0025E7BC /* ComponentBase.h in Headers */,
				EAA54CE3129466CA0025E7BC /* AUEffectBase.h in Headers */,
				EAA54CE4129466CA0025E7BC /* AUBuffer.h in Headers */,
				EAA54CE5129466CA0025E7BC /* AUDebugDispatcher.h in Headers */,
				EAA54CE6129466CA0025E7BC /* AUInputFormatConverter.h in Headers */,
				EAA54CE7129466CA0025E7BC /* AUSilentTimeout.h in Headers */,
				EAA54CE8129466CA0025E7BC /* AUTimestampGenerator.h in Headers */,
				EAA54CE9129466CA0025E7BC /* CAAudioChannelLayout.h in Headers */,
				EAA54CEA129466CA0025E7BC /* CAMutex.h in Headers */,
				EAA54CEB129466CA0025E7BC /* CAStreamBasicDescription.h in Headers */,
				EAA54CEC129466CA0025E7BC /* CAAUParameter.h in Headers */,
				EAA54CED129466CA0025E7BC /* CAVectorUnit.h in Headers */,
				EAA54CEE129466CA0025E7BC /* CAVectorUnitTypes.h in Headers */,
				EAA54CEF129466CA0025E7BC /* AUBaseHelper.h in Headers */,
				EAA54CF1129466CA0025E7BC /* ofxAudioPlugin.h in Headers */,
				EAA54CF8129466CA0025E7BC /* ofxDirList.h in Headers */,
				EAA54CF9129466CA0025E7BC /* ofxFileUtils.h in Headers */,
				EAA54D04129466CA0025E7BC /* ofxAudioPluginWrapper.h in Headers */,
				EAA54DBC12946D6D0025E7BC /* AUInstrumentBase.h in Headers */,
				EAA54DBE12946D6D0025E7BC /* SynthElement.h in Headers */,
				EAA54DBF12946D6D0025E7BC /* SynthEvent.h in Headers */,
				EAA54DC112946D6D0025E7BC /* SynthNote.h in Headers */,
				EAA54DC312946D6D0025E7BC /* SynthNoteList.h in Headers */,
				EAA54DC412946D6D0025E7BC /* LockFreeFIFO.h in Headers */,
				EAA54DD8129471070025E7BC /* AUMIDIBase.h in Headers */,
				EAA54DDA129471070025E7BC /* MusicDeviceBase.h in Headers */,
				EA410DD312A914D0007E3440 /* Logger.h in Headers */,
				EA410DD412A914D0007E3440 /* ofxAudioPluginConfig.h in Headers */,
				EA410DDE12A914D0007E3440 /* Pandemonium.h in Headers */,
				EA410DDF12A914D0007E3440 /* PdPluginParameters.h in Headers */,
				EA410DE312A914D0007E3440 /* ZGAUUtils.h in Headers */,
				EA410DE412A914D0007E3440 /* ZGPlugin.h in Headers */,
				EA87E671135DFA7D00B6B570 /* ofxPd.h in Headers */,
			);
			runOnlyForDeploymentPostprocessing = 0;
		};
/* End PBXHeadersBuildPhase section */

/* Begin PBXNativeTarget section */
		8D01CCC60486CAD60068D4B7 /* Pandemonium Effect */ = {
			isa = PBXNativeTarget;
			buildConfigurationList = 3E4BA243089833B7007656EC /* Build configuration list for PBXNativeTarget "Pandemonium Effect" */;
			buildPhases = (
				8D01CCC70486CAD60068D4B7 /* Headers */,
				8D01CCC90486CAD60068D4B7 /* Resources */,
				8D01CCCB0486CAD60068D4B7 /* Sources */,
				8D01CCCD0486CAD60068D4B7 /* Frameworks */,
				8D01CCCF0486CAD60068D4B7 /* Rez */,
				EA5D99FA1291886800D2C79F /* CopyFiles */,
			);
			buildRules = (
			);
			dependencies = (
			);
			name = "Pandemonium Effect";
			productInstallPath = "$(HOME)/Library/Bundles";
			productName = Pandemonium;
			productReference = 8D01CCD20486CAD60068D4B7 /* Pandemonium.component */;
			productType = "com.apple.product-type.bundle";
		};
		EAA54CDB129466CA0025E7BC /* Pandemonium Instrument */ = {
			isa = PBXNativeTarget;
			buildConfigurationList = EAA54D72129466CA0025E7BC /* Build configuration list for PBXNativeTarget "Pandemonium Instrument" */;
			buildPhases = (
				EAA54CDC129466CA0025E7BC /* Headers */,
				EAA54D05129466CA0025E7BC /* Resources */,
				EAA54D07129466CA0025E7BC /* Sources */,
				EAA54D69129466CA0025E7BC /* Frameworks */,
				EAA54D6E129466CA0025E7BC /* Rez */,
				EAA54D70129466CA0025E7BC /* CopyFiles */,
			);
			buildRules = (
			);
			dependencies = (
			);
			name = "Pandemonium Instrument";
			productInstallPath = "$(HOME)/Library/Bundles";
			productName = Pandemonium;
			productReference = EAA54D75129466CA0025E7BC /* Pandemonium Instrument.component */;
			productType = "com.apple.product-type.bundle";
		};
/* End PBXNativeTarget section */

/* Begin PBXProject section */
		089C1669FE841209C02AAC07 /* Project object */ = {
			isa = PBXProject;
			buildConfigurationList = 3E4BA247089833B7007656EC /* Build configuration list for PBXProject "Pandemonium" */;
			compatibilityVersion = "Xcode 3.1";
			developmentRegion = English;
			hasScannedForEncodings = 1;
			knownRegions = (
				en,
			);
			mainGroup = 089C166AFE841209C02AAC07 /* Pandemonium */;
			projectDirPath = "";
			projectRoot = "";
			targets = (
				8D01CCC60486CAD60068D4B7 /* Pandemonium Effect */,
				EAA54CDB129466CA0025E7BC /* Pandemonium Instrument */,
			);
		};
/* End PBXProject section */

/* Begin PBXResourcesBuildPhase section */
		8D01CCC90486CAD60068D4B7 /* Resources */ = {
			isa = PBXResourcesBuildPhase;
			buildActionMask = 2147483647;
			files = (
				8D01CCCA0486CAD60068D4B7 /* InfoPlist.strings in Resources */,
			);
			runOnlyForDeploymentPostprocessing = 0;
		};
		EAA54D05129466CA0025E7BC /* Resources */ = {
			isa = PBXResourcesBuildPhase;
			buildActionMask = 2147483647;
			files = (
				EAA54D06129466CA0025E7BC /* InfoPlist.strings in Resources */,
			);
			runOnlyForDeploymentPostprocessing = 0;
		};
/* End PBXResourcesBuildPhase section */

/* Begin PBXRezBuildPhase section */
		8D01CCCF0486CAD60068D4B7 /* Rez */ = {
			isa = PBXRezBuildPhase;
			buildActionMask = 2147483647;
			files = (
				EA9BC71812A9254600EDA5CA /* AU_Resources.r in Rez */,
			);
			runOnlyForDeploymentPostprocessing = 0;
		};
		EAA54D6E129466CA0025E7BC /* Rez */ = {
			isa = PBXRezBuildPhase;
			buildActionMask = 2147483647;
			files = (
				EA9BC71112A9252800EDA5CA /* AU_Resources.r in Rez */,
			);
			runOnlyForDeploymentPostprocessing = 0;
		};
/* End PBXRezBuildPhase section */

/* Begin PBXSourcesBuildPhase section */
		8D01CCCB0486CAD60068D4B7 /* Sources */ = {
			isa = PBXSourcesBuildPhase;
			buildActionMask = 2147483647;
			files = (
				8BA05AAE072073D300365D66 /* AUBase.cpp in Sources */,
				8BA05AB0072073D300365D66 /* AUDispatch.cpp in Sources */,
				8BA05AB2072073D300365D66 /* AUInputElement.cpp in Sources */,
				8BA05AB4072073D300365D66 /* AUOutputElement.cpp in Sources */,
				8BA05AB7072073D300365D66 /* AUScopeElement.cpp in Sources */,
				8BA05AB9072073D300365D66 /* ComponentBase.cpp in Sources */,
				8BA05AC6072073D300365D66 /* AUEffectBase.cpp in Sources */,
				8BA05AD2072073D300365D66 /* AUBuffer.cpp in Sources */,
				8BA05AD4072073D300365D66 /* AUDebugDispatcher.cpp in Sources */,
				8BA05AE50720742100365D66 /* CAAudioChannelLayout.cpp in Sources */,
				8BA05AE70720742100365D66 /* CAMutex.cpp in Sources */,
				8BA05AE90720742100365D66 /* CAStreamBasicDescription.cpp in Sources */,
				8BA05B070720754400365D66 /* CAAUParameter.cpp in Sources */,
				3EEA126E089847F5002C6BFC /* CAVectorUnit.cpp in Sources */,
				F7C347F00ECE5AF8008ADFB6 /* AUBaseHelper.cpp in Sources */,
				EAD1F27112918BD20017A281 /* ofxAudioUnit.cpp in Sources */,
				EAD06C0612919B2F00971CC9 /* ofxAudioUnit.exp in Sources */,
				EAD06C681291F9DB00971CC9 /* ofxDirList.cpp in Sources */,
				EAD06C6B1291F9DB00971CC9 /* ofxFileUtils.mm in Sources */,
				EAD06EA812940B8900971CC9 /* ofxAudioPluginWrapper.cpp in Sources */,
				EAF05DB112A918D800A75A3B /* MusicDeviceBase.cpp in Sources */,
				EAF05DB312A918DA00A75A3B /* AUMIDIBase.cpp in Sources */,
				EA8BD95412A91A3A000D847D /* Pandemonium.cpp in Sources */,
				EA8BD95812A91A46000D847D /* ZGAUUtils.cpp in Sources */,
				EA0842AD12BD34430018E285 /* Logger.cpp in Sources */,
				EA87E66E135DFA7D00B6B570 /* ofxPd.cpp in Sources */,
				EA87E84D135DFAC900B6B570 /* s_libpdmidi.c in Sources */,
				EA87E84E135DFAC900B6B570 /* x_libpdreceive.c in Sources */,
				EA87E852135DFAC900B6B570 /* z_libpd.c in Sources */,
				EA87E871135DFAC900B6B570 /* d_arithmetic.c in Sources */,
				EA87E872135DFAC900B6B570 /* d_array.c in Sources */,
				EA87E873135DFAC900B6B570 /* d_ctl.c in Sources */,
				EA87E874135DFAC900B6B570 /* d_dac.c in Sources */,
				EA87E875135DFAC900B6B570 /* d_delay.c in Sources */,
				EA87E876135DFAC900B6B570 /* d_fft.c in Sources */,
				EA87E877135DFAC900B6B570 /* d_fft_mayer.c in Sources */,
				EA87E878135DFAC900B6B570 /* d_fftroutine.c in Sources */,
				EA87E879135DFAC900B6B570 /* d_filter.c in Sources */,
				EA87E87A135DFAC900B6B570 /* d_global.c in Sources */,
				EA87E87B135DFAC900B6B570 /* d_math.c in Sources */,
				EA87E87C135DFAC900B6B570 /* d_misc.c in Sources */,
				EA87E87D135DFAC900B6B570 /* d_osc.c in Sources */,
				EA87E87E135DFAC900B6B570 /* d_resample.c in Sources */,
				EA87E87F135DFAC900B6B570 /* d_soundfile.c in Sources */,
				EA87E880135DFAC900B6B570 /* d_ugen.c in Sources */,
				EA87E881135DFAC900B6B570 /* g_all_guis.c in Sources */,
				EA87E883135DFAC900B6B570 /* g_array.c in Sources */,
				EA87E884135DFAC900B6B570 /* g_bang.c in Sources */,
				EA87E885135DFAC900B6B570 /* g_canvas.c in Sources */,
				EA87E887135DFAC900B6B570 /* g_editor.c in Sources */,
				EA87E888135DFAC900B6B570 /* g_graph.c in Sources */,
				EA87E889135DFAC900B6B570 /* g_guiconnect.c in Sources */,
				EA87E88A135DFAC900B6B570 /* g_hdial.c in Sources */,
				EA87E88B135DFAC900B6B570 /* g_hslider.c in Sources */,
				EA87E88C135DFAC900B6B570 /* g_io.c in Sources */,
				EA87E88D135DFAC900B6B570 /* g_mycanvas.c in Sources */,
				EA87E88E135DFAC900B6B570 /* g_numbox.c in Sources */,
				EA87E88F135DFAC900B6B570 /* g_readwrite.c in Sources */,
				EA87E890135DFAC900B6B570 /* g_rtext.c in Sources */,
				EA87E891135DFAC900B6B570 /* g_scalar.c in Sources */,
				EA87E892135DFAC900B6B570 /* g_template.c in Sources */,
				EA87E893135DFAC900B6B570 /* g_text.c in Sources */,
				EA87E894135DFAC900B6B570 /* g_toggle.c in Sources */,
				EA87E895135DFAC900B6B570 /* g_traversal.c in Sources */,
				EA87E896135DFAC900B6B570 /* g_vdial.c in Sources */,
				EA87E897135DFAC900B6B570 /* g_vslider.c in Sources */,
				EA87E898135DFAC900B6B570 /* g_vumeter.c in Sources */,
				EA87E899135DFAC900B6B570 /* m_atom.c in Sources */,
				EA87E89A135DFAC900B6B570 /* m_binbuf.c in Sources */,
				EA87E89B135DFAC900B6B570 /* m_class.c in Sources */,
				EA87E89C135DFAC900B6B570 /* m_conf.c in Sources */,
				EA87E89D135DFAC900B6B570 /* m_glob.c in Sources */,
				EA87E89F135DFAC900B6B570 /* m_memory.c in Sources */,
				EA87E8A0135DFAC900B6B570 /* m_obj.c in Sources */,
				EA87E8A1135DFAC900B6B570 /* m_pd.c in Sources */,
				EA87E8A3135DFAC900B6B570 /* m_sched.c in Sources */,
				EA87E8A4135DFAC900B6B570 /* s_audio.c in Sources */,
				EA87E8A5135DFAC900B6B570 /* s_audio_dummy.c in Sources */,
				EA87E8A6135DFAC900B6B570 /* s_file.c in Sources */,
				EA87E8A7135DFAC900B6B570 /* s_inter.c in Sources */,
				EA87E8A8135DFAC900B6B570 /* s_loader.c in Sources */,
				EA87E8A9135DFAC900B6B570 /* s_main.c in Sources */,
				EA87E8AA135DFAC900B6B570 /* s_path.c in Sources */,
				EA87E8AB135DFAC900B6B570 /* s_print.c in Sources */,
				EA87E8AD135DFAC900B6B570 /* s_utf8.c in Sources */,
				EA87E8AF135DFAC900B6B570 /* x_acoustics.c in Sources */,
				EA87E8B0135DFAC900B6B570 /* x_arithmetic.c in Sources */,
				EA87E8B1135DFAC900B6B570 /* x_connective.c in Sources */,
				EA87E8B2135DFAC900B6B570 /* x_gui.c in Sources */,
				EA87E8B3135DFAC900B6B570 /* x_interface.c in Sources */,
				EA87E8B4135DFAC900B6B570 /* x_list.c in Sources */,
				EA87E8B5135DFAC900B6B570 /* x_midi.c in Sources */,
				EA87E8B6135DFAC900B6B570 /* x_misc.c in Sources */,
				EA87E8B7135DFAC900B6B570 /* x_net.c in Sources */,
				EA87E8B8135DFAC900B6B570 /* x_qlist.c in Sources */,
				EA87E8B9135DFAC900B6B570 /* x_time.c in Sources */,
			);
			runOnlyForDeploymentPostprocessing = 0;
		};
		EAA54D07129466CA0025E7BC /* Sources */ = {
			isa = PBXSourcesBuildPhase;
			buildActionMask = 2147483647;
			files = (
				EAA54D08129466CA0025E7BC /* AUBase.cpp in Sources */,
				EAA54D09129466CA0025E7BC /* AUDispatch.cpp in Sources */,
				EAA54D0A129466CA0025E7BC /* AUInputElement.cpp in Sources */,
				EAA54D0B129466CA0025E7BC /* AUOutputElement.cpp in Sources */,
				EAA54D0C129466CA0025E7BC /* AUScopeElement.cpp in Sources */,
				EAA54D0D129466CA0025E7BC /* ComponentBase.cpp in Sources */,
				EAA54D0E129466CA0025E7BC /* AUEffectBase.cpp in Sources */,
				EAA54D0F129466CA0025E7BC /* AUBuffer.cpp in Sources */,
				EAA54D10129466CA0025E7BC /* AUDebugDispatcher.cpp in Sources */,
				EAA54D11129466CA0025E7BC /* CAAudioChannelLayout.cpp in Sources */,
				EAA54D12129466CA0025E7BC /* CAMutex.cpp in Sources */,
				EAA54D13129466CA0025E7BC /* CAStreamBasicDescription.cpp in Sources */,
				EAA54D14129466CA0025E7BC /* CAAUParameter.cpp in Sources */,
				EAA54D15129466CA0025E7BC /* CAVectorUnit.cpp in Sources */,
				EAA54D16129466CA0025E7BC /* AUBaseHelper.cpp in Sources */,
				EAA54D17129466CA0025E7BC /* ofxAudioUnit.cpp in Sources */,
				EAA54D19129466CA0025E7BC /* ofxAudioUnit.exp in Sources */,
				EAA54D1C129466CA0025E7BC /* ofxDirList.cpp in Sources */,
				EAA54D1D129466CA0025E7BC /* ofxFileUtils.mm in Sources */,
				EAA54D68129466CA0025E7BC /* ofxAudioPluginWrapper.cpp in Sources */,
				EAA54DBB12946D6D0025E7BC /* AUInstrumentBase.cpp in Sources */,
				EAA54DBD12946D6D0025E7BC /* SynthElement.cpp in Sources */,
				EAA54DC012946D6D0025E7BC /* SynthNote.cpp in Sources */,
				EAA54DC212946D6D0025E7BC /* SynthNoteList.cpp in Sources */,
				EAA54DD7129471070025E7BC /* AUMIDIBase.cpp in Sources */,
				EAA54DD9129471070025E7BC /* MusicDeviceBase.cpp in Sources */,
				EA410DDD12A914D0007E3440 /* Pandemonium.cpp in Sources */,
				EA410DE212A914D0007E3440 /* ZGAUUtils.cpp in Sources */,
				EA0842AE12BD34430018E285 /* Logger.cpp in Sources */,
				EA87E66F135DFA7D00B6B570 /* ofxPd.cpp in Sources */,
			);
			runOnlyForDeploymentPostprocessing = 0;
		};
/* End PBXSourcesBuildPhase section */

/* Begin PBXVariantGroup section */
		089C167DFE841241C02AAC07 /* InfoPlist.strings */ = {
			isa = PBXVariantGroup;
			children = (
				089C167EFE841241C02AAC07 /* English */,
			);
			name = InfoPlist.strings;
			sourceTree = "<group>";
		};
/* End PBXVariantGroup section */

/* Begin XCBuildConfiguration section */
		3E4BA244089833B7007656EC /* Debug */ = {
			isa = XCBuildConfiguration;
			buildSettings = {
				ARCHS = "$(ARCHS_STANDARD_32_BIT)";
				EXPORTED_SYMBOLS_FILE = ../lib/ofxAudioPlugin/wrappers/AU/ofxAudioUnit.exp;
				GCC_ENABLE_FIX_AND_CONTINUE = YES;
				GCC_OPTIMIZATION_LEVEL = 0;
				GENERATE_PKGINFO_FILE = YES;
				HEADER_SEARCH_PATHS = ../lib/vstsdk2.4;
				INFOPLIST_FILE = Info.plist;
				INSTALL_PATH = "$(HOME)/Library/Audio/Plug-Ins/Components/";
				LIBRARY_SEARCH_PATHS = (
					"$(inherited)",
					"\"$(SRCROOT)/../lib/pd-for-android/PdCore/jni/src\"",
				);
				LIBRARY_STYLE = Bundle;
				OTHER_LDFLAGS = "-bundle";
				OTHER_REZFLAGS = "-d ppc_$ppc -d i386_$i386 -d ppc64_$ppc64 -d x86_64_$x86_64 -I /System/Library/Frameworks/CoreServices.framework/Frameworks/CarbonCore.framework/Versions/A/Headers -I \"$(DEVELOPER_DIR)/Examples/CoreAudio/AudioUnits/AUPublic/AUBase\"";
				PRODUCT_NAME = Pandemonium;
				SDKROOT = "";
				WRAPPER_EXTENSION = component;
			};
			name = Debug;
		};
		3E4BA245089833B7007656EC /* Release */ = {
			isa = XCBuildConfiguration;
			buildSettings = {
				ARCHS = "$(ARCHS_STANDARD_32_BIT)";
				EXPORTED_SYMBOLS_FILE = ../lib/ofxAudioPlugin/wrappers/AU/ofxAudioUnit.exp;
				GCC_ENABLE_FIX_AND_CONTINUE = NO;
				GENERATE_PKGINFO_FILE = YES;
				HEADER_SEARCH_PATHS = ../lib/vstsdk2.4;
				INFOPLIST_FILE = Info.plist;
				INSTALL_PATH = "$(HOME)/Library/Audio/Plug-Ins/Components/";
				LIBRARY_SEARCH_PATHS = (
					"$(inherited)",
					"\"$(SRCROOT)/../lib/pd-for-android/PdCore/jni/src\"",
				);
				LIBRARY_STYLE = Bundle;
				OTHER_LDFLAGS = "-bundle";
				OTHER_REZFLAGS = "-d ppc_$ppc -d i386_$i386 -d ppc64_$ppc64 -d x86_64_$x86_64 -I /System/Library/Frameworks/CoreServices.framework/Frameworks/CarbonCore.framework/Versions/A/Headers -I \"$(DEVELOPER_DIR)/Examples/CoreAudio/AudioUnits/AUPublic/AUBase\"";
				PRODUCT_NAME = Pandemonium;
				SDKROOT = "";
				WRAPPER_EXTENSION = component;
			};
			name = Release;
		};
		3E4BA248089833B7007656EC /* Debug */ = {
			isa = XCBuildConfiguration;
			buildSettings = {
				ARCHS = "$(ARCHS_STANDARD_32_64_BIT)";
				COPY_PHASE_STRIP = NO;
				DEBUG_INFORMATION_FORMAT = "dwarf-with-dsym";
				GCC_C_LANGUAGE_STANDARD = c99;
				SDKROOT = macosx10.5;
				WARNING_CFLAGS = (
					"-Wmost",
					"-Wno-four-char-constants",
					"-Wno-unknown-pragmas",
				);
			};
			name = Debug;
		};
		3E4BA249089833B7007656EC /* Release */ = {
			isa = XCBuildConfiguration;
			buildSettings = {
				ARCHS = "$(ARCHS_STANDARD_32_64_BIT)";
				DEBUG_INFORMATION_FORMAT = "dwarf-with-dsym";
				GCC_C_LANGUAGE_STANDARD = c99;
				SDKROOT = macosx10.5;
				WARNING_CFLAGS = (
					"-Wmost",
					"-Wno-four-char-constants",
					"-Wno-unknown-pragmas",
				);
			};
			name = Release;
		};
		EAA54D73129466CA0025E7BC /* Debug */ = {
			isa = XCBuildConfiguration;
			buildSettings = {
				ARCHS = "$(ARCHS_STANDARD_32_BIT)";
				EXPORTED_SYMBOLS_FILE = ../lib/ofxAudioPlugin/wrappers/AU/ofxAudioUnit.exp;
				GCC_ENABLE_FIX_AND_CONTINUE = YES;
				GCC_OPTIMIZATION_LEVEL = 0;
				GCC_PREPROCESSOR_DEFINITIONS = "";
				GENERATE_PKGINFO_FILE = YES;
				HEADER_SEARCH_PATHS = ../lib/vstsdk2.4;
				INFOPLIST_FILE = Info.plist;
				INSTALL_PATH = "$(HOME)/Library/Audio/Plug-Ins/Components/";
				LIBRARY_SEARCH_PATHS = (
					"$(inherited)",
					"\\\"$(SRCROOT)/../lib/pd-for-android/PdCore/jni/src\\\"",
				);
				LIBRARY_STYLE = Bundle;
				OTHER_LDFLAGS = "-bundle";
				OTHER_REZFLAGS = "-d ppc_$ppc -d i386_$i386 -d ppc64_$ppc64 -d x86_64_$x86_64 -I /System/Library/Frameworks/CoreServices.framework/Frameworks/CarbonCore.framework/Versions/A/Headers -I \"$(DEVELOPER_DIR)/Examples/CoreAudio/AudioUnits/AUPublic/AUBase\"";
				PRODUCT_NAME = "Pandemonium Instrument";
				SDKROOT = macosx10.6;
				WRAPPER_EXTENSION = component;
			};
			name = Debug;
		};
		EAA54D74129466CA0025E7BC /* Release */ = {
			isa = XCBuildConfiguration;
			buildSettings = {
				ARCHS = "$(ARCHS_STANDARD_32_BIT)";
				EXPORTED_SYMBOLS_FILE = ../lib/ofxAudioPlugin/wrappers/AU/ofxAudioUnit.exp;
				GCC_ENABLE_FIX_AND_CONTINUE = NO;
				GCC_PREPROCESSOR_DEFINITIONS = "";
				GENERATE_PKGINFO_FILE = YES;
				HEADER_SEARCH_PATHS = ../lib/vstsdk2.4;
				INFOPLIST_FILE = Info.plist;
				INSTALL_PATH = "$(HOME)/Library/Audio/Plug-Ins/Components/";
				LIBRARY_SEARCH_PATHS = (
					"$(inherited)",
					"\\\"$(SRCROOT)/../lib/pd-for-android/PdCore/jni/src\\\"",
				);
				LIBRARY_STYLE = Bundle;
				OTHER_LDFLAGS = "-bundle";
				OTHER_REZFLAGS = "-d ppc_$ppc -d i386_$i386 -d ppc64_$ppc64 -d x86_64_$x86_64 -I /System/Library/Frameworks/CoreServices.framework/Frameworks/CarbonCore.framework/Versions/A/Headers -I \"$(DEVELOPER_DIR)/Examples/CoreAudio/AudioUnits/AUPublic/AUBase\"";
				PRODUCT_NAME = "Pandemonium Instrument";
				SDKROOT = macosx10.6;
				WRAPPER_EXTENSION = component;
			};
			name = Release;
		};
/* End XCBuildConfiguration section */

/* Begin XCConfigurationList section */
		3E4BA243089833B7007656EC /* Build configuration list for PBXNativeTarget "Pandemonium Effect" */ = {
			isa = XCConfigurationList;
			buildConfigurations = (
				3E4BA244089833B7007656EC /* Debug */,
				3E4BA245089833B7007656EC /* Release */,
			);
			defaultConfigurationIsVisible = 0;
			defaultConfigurationName = Debug;
		};
		3E4BA247089833B7007656EC /* Build configuration list for PBXProject "Pandemonium" */ = {
			isa = XCConfigurationList;
			buildConfigurations = (
				3E4BA248089833B7007656EC /* Debug */,
				3E4BA249089833B7007656EC /* Release */,
			);
			defaultConfigurationIsVisible = 0;
			defaultConfigurationName = Debug;
		};
		EAA54D72129466CA0025E7BC /* Build configuration list for PBXNativeTarget "Pandemonium Instrument" */ = {
			isa = XCConfigurationList;
			buildConfigurations = (
				EAA54D73129466CA0025E7BC /* Debug */,
				EAA54D74129466CA0025E7BC /* Release */,
			);
			defaultConfigurationIsVisible = 0;
			defaultConfigurationName = Debug;
		};
/* End XCConfigurationList section */
	};
	rootObject = 089C1669FE841209C02AAC07 /* Project object */;
}
